// !$*UTF8*$!
{
	archiveVersion = 1;
	classes = {
	};
	objectVersion = 77;
	objects = {

/* Begin PBXBuildFile section */
		015FC4ECBA6D2A947A71E939 /* SplashView.swift in Sources */ = {isa = PBXBuildFile; fileRef = C73D6509C5D3FD25AA4BF404 /* SplashView.swift */; };
		05C46FE2284E356AB56C51DE /* DoseWidgetExtension.appex in Embed Foundation Extensions */ = {isa = PBXBuildFile; fileRef = D491D718133287F56E41FFDD /* DoseWidgetExtension.appex */; settings = {ATTRIBUTES = (RemoveHeadersOnCopy, ); }; };
		0625FA0A9F7B279451AC3D03 /* HealthScoringService.swift in Sources */ = {isa = PBXBuildFile; fileRef = E35B4CA4C84F585801A747BC /* HealthScoringService.swift */; };
		180B194DDD05ED344A86B79B /* HealthKitService.swift in Sources */ = {isa = PBXBuildFile; fileRef = 4760F98075780C9B8F1CC276 /* HealthKitService.swift */; };
		19F672F7C0B340BF2064AD28 /* SubstanceDatabase.swift in Sources */ = {isa = PBXBuildFile; fileRef = D389B60E83500D2B9DEF0674 /* SubstanceDatabase.swift */; };
		24660FAA26FC1C7E6E90F1A7 /* SymptomData.swift in Sources */ = {isa = PBXBuildFile; fileRef = AFCAF4F0A4735E383F7CFF5A /* SymptomData.swift */; };
		2916D332F0CA9DCE57E3E55A /* SessionHistoryView.swift in Sources */ = {isa = PBXBuildFile; fileRef = 3E12140D5AE0B99C6BE9A2E2 /* SessionHistoryView.swift */; };
		293C2350E646A41D465B5C71 /* DashboardView.swift in Sources */ = {isa = PBXBuildFile; fileRef = 9CD9D5B4E7C646AF50DADE68 /* DashboardView.swift */; };
		2B1BF4519E0BE393BCA523B0 /* GlassModifiers.swift in Sources */ = {isa = PBXBuildFile; fileRef = B5219BB1D836FC41CB9C0B21 /* GlassModifiers.swift */; };
		2F9D3AA8C888A3891BD6702C /* AuthView.swift in Sources */ = {isa = PBXBuildFile; fileRef = F39FD6B09FB76EBED7F816FC /* AuthView.swift */; };
		30886660819784903AAC423E /* AuthService.swift in Sources */ = {isa = PBXBuildFile; fileRef = A660901E88D0F3B59110204E /* AuthService.swift */; };
		30F3080D415CBF6C50FCE3A4 /* BodyMapView.swift in Sources */ = {isa = PBXBuildFile; fileRef = B311D9209ACE76195028449E /* BodyMapView.swift */; };
		33E3FB245B8B3BD2970D7DBC /* SettingsView.swift in Sources */ = {isa = PBXBuildFile; fileRef = 2C3057504A3A875563DC88B1 /* SettingsView.swift */; };
		392CA299C6A901E7C8082F0D /* CSVExporter.swift in Sources */ = {isa = PBXBuildFile; fileRef = 7C0100EAF7660790CB2076E8 /* CSVExporter.swift */; };
		3BD2CA1358D8B98798B9E9CA /* BodyworkSessionStore.swift in Sources */ = {isa = PBXBuildFile; fileRef = 3C67CD3A5C3E2E612F4991D2 /* BodyworkSessionStore.swift */; };
		3F146AD17DCE928FC547C396 /* WidgetKit.framework in Frameworks */ = {isa = PBXBuildFile; fileRef = 0579E166DEB2959E738B0078 /* WidgetKit.framework */; };
		483C2F7A1F3B64999EF4D79E /* DataStore.swift in Sources */ = {isa = PBXBuildFile; fileRef = C534B06DF281DF9336AC3148 /* DataStore.swift */; };
		4D903F86C8B170A31B9E5F75 /* LabResultsView.swift in Sources */ = {isa = PBXBuildFile; fileRef = A6D7C7B95F2E60D30505A522 /* LabResultsView.swift */; };
		4F1F07E4E64324C742CFED16 /* NotificationService.swift in Sources */ = {isa = PBXBuildFile; fileRef = 8E961807AF384D983C5F04CC /* NotificationService.swift */; };
		53B923CF9AEA80744E44037C /* SubstanceDetailView.swift in Sources */ = {isa = PBXBuildFile; fileRef = 2251CC2B36872890085D517B /* SubstanceDetailView.swift */; };
		551225FEE3BC080086A69A07 /* LibraryView.swift in Sources */ = {isa = PBXBuildFile; fileRef = 1B81164D54A3AC904FC6F511 /* LibraryView.swift */; };
		592E2468301F728F08922E24 /* AddDoseSheet.swift in Sources */ = {isa = PBXBuildFile; fileRef = C9B5EA7E88D5810D00958E35 /* AddDoseSheet.swift */; };
		594D341ADD6085A618851F1B /* icon.svg in Resources */ = {isa = PBXBuildFile; fileRef = C1AB670E690641B4F946393E /* icon.svg */; };
		5B56D31560DB72351F27BC07 /* LogView.swift in Sources */ = {isa = PBXBuildFile; fileRef = F0828A6091BE78F3F2DCC3BF /* LogView.swift */; };
		5CB0496D5F8B59C397AFDBC6 /* InteractionEngineTests.swift in Sources */ = {isa = PBXBuildFile; fileRef = 8AEA39D13F7C656D70702EE8 /* InteractionEngineTests.swift */; };
		5CD35D5B6C72BEA0D94C1BCF /* ReflexologyTab.swift in Sources */ = {isa = PBXBuildFile; fileRef = 476CBA3966BD79CC981C0A05 /* ReflexologyTab.swift */; };
		66065EC17E1EB67D055A05BC /* DoseWidgetBundle.swift in Sources */ = {isa = PBXBuildFile; fileRef = 8947D3D1DFEE18C58CFD07C9 /* DoseWidgetBundle.swift */; };
		67E4892730206F8943921A69 /* MyMedication.swift in Sources */ = {isa = PBXBuildFile; fileRef = 34E0BEB4D9F0D597B9D49142 /* MyMedication.swift */; };
		74EE59BEA3BD96994A9AC29B /* DataStoreExportTests.swift in Sources */ = {isa = PBXBuildFile; fileRef = 326A301D9255956D46D9AF1E /* DataStoreExportTests.swift */; };
		750A39D589CD40CEAC85073B /* HealthScoringServiceTests.swift in Sources */ = {isa = PBXBuildFile; fileRef = 565E6E24EC9B8FBE66187DEB /* HealthScoringServiceTests.swift */; };
		75470391AE1D44671307F73A /* DoseEntry.swift in Sources */ = {isa = PBXBuildFile; fileRef = EA8A362B5594412890C60399 /* DoseEntry.swift */; };
		7751731F8EDA40F1D681413C /* HealthEntry.swift in Sources */ = {isa = PBXBuildFile; fileRef = 5DF53B8C6866BC96CCA4E991 /* HealthEntry.swift */; };
		794DA80E5E29BF8E1A14E35D /* BodyworkHubView.swift in Sources */ = {isa = PBXBuildFile; fileRef = C4CE0151530910199A429544 /* BodyworkHubView.swift */; };
		7A4E92DAC74123574F63BC9B /* InsightsView.swift in Sources */ = {isa = PBXBuildFile; fileRef = D14AAC39D5A30ACCC6E21ABD /* InsightsView.swift */; };
		821812BED10F93DB7CCBBE70 /* Substance.swift in Sources */ = {isa = PBXBuildFile; fileRef = E6D892AB6D0B3CCFE08464F6 /* Substance.swift */; };
		8BBA3BAFE44EB93DF46349D8 /* AbdomenData.swift in Sources */ = {isa = PBXBuildFile; fileRef = 4ED834060F97CFEA7C135BE2 /* AbdomenData.swift */; };
		8BC82D2DDC8068C603C591D4 /* ROADMAP.md in Resources */ = {isa = PBXBuildFile; fileRef = 82567013B9DF35875CD12DE3 /* ROADMAP.md */; };
		8BCBCE683DD90A3BECC1F6EB /* HealthKit.framework in Frameworks */ = {isa = PBXBuildFile; fileRef = 62EA86FD5A989F175BD17549 /* HealthKit.framework */; };
		9D5552FDE67D7F4CE1895A9C /* InteractionEngine.swift in Sources */ = {isa = PBXBuildFile; fileRef = CA01EC3CCD634F2506EAA22F /* InteractionEngine.swift */; };
		9E636530C8351D5A922B5312 /* CSVExporterTests.swift in Sources */ = {isa = PBXBuildFile; fileRef = ABBD4D3BA875752B7C35E8EB /* CSVExporterTests.swift */; };
		A3E0A36F5EECA4487BB3F62B /* ReflexologyData.swift in Sources */ = {isa = PBXBuildFile; fileRef = FECB687953F8BAFC321BD953 /* ReflexologyData.swift */; };
		A402577B3567D6352E527E70 /* RemindersView.swift in Sources */ = {isa = PBXBuildFile; fileRef = 0C94A81983B50109C6711C13 /* RemindersView.swift */; };
		A55A7D5ED827C927D07B984E /* HealthView.swift in Sources */ = {isa = PBXBuildFile; fileRef = EFB01F77676536A2104228F9 /* HealthView.swift */; };
		A6A1A39575C1B14547C80D6F /* SymptomFinderView.swift in Sources */ = {isa = PBXBuildFile; fileRef = 205050801CD88BEC9478D15F /* SymptomFinderView.swift */; };
		A87469538F40E911DCD9F7BD /* DoseWidget.swift in Sources */ = {isa = PBXBuildFile; fileRef = 51CC9F83D84BABEBC9F2D908 /* DoseWidget.swift */; };
		A8C14EDE490F7869B5230223 /* MeridianListView.swift in Sources */ = {isa = PBXBuildFile; fileRef = D31279C081BE08D0D44E0BA3 /* MeridianListView.swift */; };
		ABB8E0E7DF8799E15D5F8F3D /* DoseApp.swift in Sources */ = {isa = PBXBuildFile; fileRef = A079F23A43B3D36B334FF32C /* DoseApp.swift */; };
		AF2EE850115F47E5069C2894 /* BiometricEntry.swift in Sources */ = {isa = PBXBuildFile; fileRef = 653F0F0518590F33D5A3B4E7 /* BiometricEntry.swift */; };
		B6FF682DBA1AA10662434838 /* CombinedBodyView.swift in Sources */ = {isa = PBXBuildFile; fileRef = 67C71A91DA5229F06F59D920 /* CombinedBodyView.swift */; };
		B952F3F654DAEC637D058BDC /* LabMarkerChartView.swift in Sources */ = {isa = PBXBuildFile; fileRef = EA0B90F1173BFC6B66E49994 /* LabMarkerChartView.swift */; };
		BF2D2A276AA9298A56223C87 /* Supabase in Frameworks */ = {isa = PBXBuildFile; productRef = 2836A7399AB3537105910E3F /* Supabase */; };
		BF9493800113655A88D85254 /* FacemaxxingView.swift in Sources */ = {isa = PBXBuildFile; fileRef = C56DF19EBDDEE9E4FDA41EEB /* FacemaxxingView.swift */; };
		BFB64F0D40488C6B2720C3D4 /* LabResult.swift in Sources */ = {isa = PBXBuildFile; fileRef = 9B3FCE869C9145AA4C3630EC /* LabResult.swift */; };
		C7728AA4374C13D6E495E505 /* NewPasswordView.swift in Sources */ = {isa = PBXBuildFile; fileRef = 354F7B60462421F3FCC87458 /* NewPasswordView.swift */; };
		C8CD7C6DF71D15C441256EF0 /* HealthGradeView.swift in Sources */ = {isa = PBXBuildFile; fileRef = 201D1FBEC07905F67B1CD6BD /* HealthGradeView.swift */; };
		D0543C1D007690A261712370 /* Assets.xcassets in Resources */ = {isa = PBXBuildFile; fileRef = F1A42396D0DFA8095574F4E1 /* Assets.xcassets */; };
		D0AD42AC88B044B65135658F /* BodyView.swift in Sources */ = {isa = PBXBuildFile; fileRef = E89880E71F4CFEC147A66F6D /* BodyView.swift */; };
		D703BFC926852D24E8360CAC /* InsightEngine.swift in Sources */ = {isa = PBXBuildFile; fileRef = 439C4831A77E26446CD92036 /* InsightEngine.swift */; };
		D73969E3BAAB7CFFE48D9987 /* DataStoreTests.swift in Sources */ = {isa = PBXBuildFile; fileRef = 57DA05EAE2EFB09CA0260889 /* DataStoreTests.swift */; };
		DD3D0D5A1BC654C563096584 /* HealthKitServiceTests.swift in Sources */ = {isa = PBXBuildFile; fileRef = 040453F2FBE219F6BE6E9EF2 /* HealthKitServiceTests.swift */; };
		E2114ADE60A1CE938C84E23C /* AcupunctureData.swift in Sources */ = {isa = PBXBuildFile; fileRef = 3495F5528260C2574AD9F822 /* AcupunctureData.swift */; };
		E35DC77504ADF3582B7B84A9 /* AbdomenView.swift in Sources */ = {isa = PBXBuildFile; fileRef = C544CCCD81868C4B209D0611 /* AbdomenView.swift */; };
		E74A9F41445E1F056CB216B9 /* SubstanceDatabaseTests.swift in Sources */ = {isa = PBXBuildFile; fileRef = C61C9DB011C450F0694A6A68 /* SubstanceDatabaseTests.swift */; };
		E922D9A1A6474CD6A803EF15 /* SwiftUI.framework in Frameworks */ = {isa = PBXBuildFile; fileRef = F44E31E74E4854CCAC953A0F /* SwiftUI.framework */; };
		EE012BF3182DC590E5CF5843 /* HistoryView.swift in Sources */ = {isa = PBXBuildFile; fileRef = 5FCC2B7B1C51F1760B5C6A22 /* HistoryView.swift */; };
		F3C488962F5822C9AE2B2B22 /* ZoneDetailView.swift in Sources */ = {isa = PBXBuildFile; fileRef = A7261207A74BD07536E87B21 /* ZoneDetailView.swift */; };
		F454B90BDC9C6728AFC85059 /* SyncService.swift in Sources */ = {isa = PBXBuildFile; fileRef = 2E5D99774E34A7DF4A654E8B /* SyncService.swift */; };
		F46354BDDB98C68C89845402 /* ScoreRingView.swift in Sources */ = {isa = PBXBuildFile; fileRef = ABE344409A1BE34BA7475210 /* ScoreRingView.swift */; };
		F500DF9C98BA54C81952A707 /* NotificationServiceTests.swift in Sources */ = {isa = PBXBuildFile; fileRef = D22EBE90B2870358FDB8E8A2 /* NotificationServiceTests.swift */; };
		F68F4FEDE8C7343285092539 /* FacemaxxingData.swift in Sources */ = {isa = PBXBuildFile; fileRef = 1423AF24A075D2E9C57A3983 /* FacemaxxingData.swift */; };
		F752117B8C5CC20A5352F309 /* InteractionCheckerView.swift in Sources */ = {isa = PBXBuildFile; fileRef = F51CB366EDF75BD6D938FE83 /* InteractionCheckerView.swift */; };
/* End PBXBuildFile section */

/* Begin PBXContainerItemProxy section */
		627A213B2C63AB4AD814C04D /* PBXContainerItemProxy */ = {
			isa = PBXContainerItemProxy;
			containerPortal = AFD5A1FE0EB46C313D480984 /* Project object */;
			proxyType = 1;
			remoteGlobalIDString = A91F1CC649E92BD8B1CD77EA;
			remoteInfo = DoseWidgetExtension;
		};
		B78C46D44E36E9D4F6701A93 /* PBXContainerItemProxy */ = {
			isa = PBXContainerItemProxy;
			containerPortal = AFD5A1FE0EB46C313D480984 /* Project object */;
			proxyType = 1;
			remoteGlobalIDString = C67EF3CBC1F9EE301643B9D6;
			remoteInfo = Dose;
		};
/* End PBXContainerItemProxy section */

/* Begin PBXCopyFilesBuildPhase section */
		120509D956F353029E6D3B58 /* Embed Foundation Extensions */ = {
			isa = PBXCopyFilesBuildPhase;
			buildActionMask = 2147483647;
			dstPath = "";
			dstSubfolderSpec = 13;
			files = (
				05C46FE2284E356AB56C51DE /* DoseWidgetExtension.appex in Embed Foundation Extensions */,
			);
			name = "Embed Foundation Extensions";
			runOnlyForDeploymentPostprocessing = 0;
		};
/* End PBXCopyFilesBuildPhase section */

/* Begin PBXFileReference section */
		040453F2FBE219F6BE6E9EF2 /* HealthKitServiceTests.swift */ = {isa = PBXFileReference; lastKnownFileType = sourcecode.swift; path = HealthKitServiceTests.swift; sourceTree = "<group>"; };
		0579E166DEB2959E738B0078 /* WidgetKit.framework */ = {isa = PBXFileReference; lastKnownFileType = wrapper.framework; name = WidgetKit.framework; path = System/Library/Frameworks/WidgetKit.framework; sourceTree = SDKROOT; };
		0C94A81983B50109C6711C13 /* RemindersView.swift */ = {isa = PBXFileReference; lastKnownFileType = sourcecode.swift; path = RemindersView.swift; sourceTree = "<group>"; };
		1423AF24A075D2E9C57A3983 /* FacemaxxingData.swift */ = {isa = PBXFileReference; lastKnownFileType = sourcecode.swift; path = FacemaxxingData.swift; sourceTree = "<group>"; };
		1B81164D54A3AC904FC6F511 /* LibraryView.swift */ = {isa = PBXFileReference; lastKnownFileType = sourcecode.swift; path = LibraryView.swift; sourceTree = "<group>"; };
		201D1FBEC07905F67B1CD6BD /* HealthGradeView.swift */ = {isa = PBXFileReference; lastKnownFileType = sourcecode.swift; path = HealthGradeView.swift; sourceTree = "<group>"; };
		205050801CD88BEC9478D15F /* SymptomFinderView.swift */ = {isa = PBXFileReference; lastKnownFileType = sourcecode.swift; path = SymptomFinderView.swift; sourceTree = "<group>"; };
		20D27BAAB993C8892C1BBF07 /* DoseWidget.entitlements */ = {isa = PBXFileReference; lastKnownFileType = text.plist.entitlements; path = DoseWidget.entitlements; sourceTree = "<group>"; };
		2251CC2B36872890085D517B /* SubstanceDetailView.swift */ = {isa = PBXFileReference; lastKnownFileType = sourcecode.swift; path = SubstanceDetailView.swift; sourceTree = "<group>"; };
		2C3057504A3A875563DC88B1 /* SettingsView.swift */ = {isa = PBXFileReference; lastKnownFileType = sourcecode.swift; path = SettingsView.swift; sourceTree = "<group>"; };
		2E5D99774E34A7DF4A654E8B /* SyncService.swift */ = {isa = PBXFileReference; lastKnownFileType = sourcecode.swift; path = SyncService.swift; sourceTree = "<group>"; };
		326A301D9255956D46D9AF1E /* DataStoreExportTests.swift */ = {isa = PBXFileReference; lastKnownFileType = sourcecode.swift; path = DataStoreExportTests.swift; sourceTree = "<group>"; };
		3495F5528260C2574AD9F822 /* AcupunctureData.swift */ = {isa = PBXFileReference; lastKnownFileType = sourcecode.swift; path = AcupunctureData.swift; sourceTree = "<group>"; };
		34E0BEB4D9F0D597B9D49142 /* MyMedication.swift */ = {isa = PBXFileReference; lastKnownFileType = sourcecode.swift; path = MyMedication.swift; sourceTree = "<group>"; };
		354F7B60462421F3FCC87458 /* NewPasswordView.swift */ = {isa = PBXFileReference; lastKnownFileType = sourcecode.swift; path = NewPasswordView.swift; sourceTree = "<group>"; };
		37CB956EB4B85093D6AFDCD6 /* DoseTests.xctest */ = {isa = PBXFileReference; includeInIndex = 0; lastKnownFileType = wrapper.cfbundle; path = DoseTests.xctest; sourceTree = BUILT_PRODUCTS_DIR; };
		3C67CD3A5C3E2E612F4991D2 /* BodyworkSessionStore.swift */ = {isa = PBXFileReference; lastKnownFileType = sourcecode.swift; path = BodyworkSessionStore.swift; sourceTree = "<group>"; };
		3E12140D5AE0B99C6BE9A2E2 /* SessionHistoryView.swift */ = {isa = PBXFileReference; lastKnownFileType = sourcecode.swift; path = SessionHistoryView.swift; sourceTree = "<group>"; };
		439C4831A77E26446CD92036 /* InsightEngine.swift */ = {isa = PBXFileReference; lastKnownFileType = sourcecode.swift; path = InsightEngine.swift; sourceTree = "<group>"; };
		4760F98075780C9B8F1CC276 /* HealthKitService.swift */ = {isa = PBXFileReference; lastKnownFileType = sourcecode.swift; path = HealthKitService.swift; sourceTree = "<group>"; };
		476CBA3966BD79CC981C0A05 /* ReflexologyTab.swift */ = {isa = PBXFileReference; lastKnownFileType = sourcecode.swift; path = ReflexologyTab.swift; sourceTree = "<group>"; };
		4ED834060F97CFEA7C135BE2 /* AbdomenData.swift */ = {isa = PBXFileReference; lastKnownFileType = sourcecode.swift; path = AbdomenData.swift; sourceTree = "<group>"; };
		51CC9F83D84BABEBC9F2D908 /* DoseWidget.swift */ = {isa = PBXFileReference; lastKnownFileType = sourcecode.swift; path = DoseWidget.swift; sourceTree = "<group>"; };
		565E6E24EC9B8FBE66187DEB /* HealthScoringServiceTests.swift */ = {isa = PBXFileReference; lastKnownFileType = sourcecode.swift; path = HealthScoringServiceTests.swift; sourceTree = "<group>"; };
		57DA05EAE2EFB09CA0260889 /* DataStoreTests.swift */ = {isa = PBXFileReference; lastKnownFileType = sourcecode.swift; path = DataStoreTests.swift; sourceTree = "<group>"; };
		5DF53B8C6866BC96CCA4E991 /* HealthEntry.swift */ = {isa = PBXFileReference; lastKnownFileType = sourcecode.swift; path = HealthEntry.swift; sourceTree = "<group>"; };
		5FCC2B7B1C51F1760B5C6A22 /* HistoryView.swift */ = {isa = PBXFileReference; lastKnownFileType = sourcecode.swift; path = HistoryView.swift; sourceTree = "<group>"; };
		62EA86FD5A989F175BD17549 /* HealthKit.framework */ = {isa = PBXFileReference; lastKnownFileType = wrapper.framework; name = HealthKit.framework; path = System/Library/Frameworks/HealthKit.framework; sourceTree = SDKROOT; };
		653F0F0518590F33D5A3B4E7 /* BiometricEntry.swift */ = {isa = PBXFileReference; lastKnownFileType = sourcecode.swift; path = BiometricEntry.swift; sourceTree = "<group>"; };
		67C71A91DA5229F06F59D920 /* CombinedBodyView.swift */ = {isa = PBXFileReference; lastKnownFileType = sourcecode.swift; path = CombinedBodyView.swift; sourceTree = "<group>"; };
		7C0100EAF7660790CB2076E8 /* CSVExporter.swift */ = {isa = PBXFileReference; lastKnownFileType = sourcecode.swift; path = CSVExporter.swift; sourceTree = "<group>"; };
		82567013B9DF35875CD12DE3 /* ROADMAP.md */ = {isa = PBXFileReference; lastKnownFileType = net.daringfireball.markdown; path = ROADMAP.md; sourceTree = "<group>"; };
		8947D3D1DFEE18C58CFD07C9 /* DoseWidgetBundle.swift */ = {isa = PBXFileReference; lastKnownFileType = sourcecode.swift; path = DoseWidgetBundle.swift; sourceTree = "<group>"; };
		8AEA39D13F7C656D70702EE8 /* InteractionEngineTests.swift */ = {isa = PBXFileReference; lastKnownFileType = sourcecode.swift; path = InteractionEngineTests.swift; sourceTree = "<group>"; };
		8E961807AF384D983C5F04CC /* NotificationService.swift */ = {isa = PBXFileReference; lastKnownFileType = sourcecode.swift; path = NotificationService.swift; sourceTree = "<group>"; };
		9B3FCE869C9145AA4C3630EC /* LabResult.swift */ = {isa = PBXFileReference; lastKnownFileType = sourcecode.swift; path = LabResult.swift; sourceTree = "<group>"; };
		9CD9D5B4E7C646AF50DADE68 /* DashboardView.swift */ = {isa = PBXFileReference; lastKnownFileType = sourcecode.swift; path = DashboardView.swift; sourceTree = "<group>"; };
		A079F23A43B3D36B334FF32C /* DoseApp.swift */ = {isa = PBXFileReference; lastKnownFileType = sourcecode.swift; path = DoseApp.swift; sourceTree = "<group>"; };
		A660901E88D0F3B59110204E /* AuthService.swift */ = {isa = PBXFileReference; lastKnownFileType = sourcecode.swift; path = AuthService.swift; sourceTree = "<group>"; };
		A6D7C7B95F2E60D30505A522 /* LabResultsView.swift */ = {isa = PBXFileReference; lastKnownFileType = sourcecode.swift; path = LabResultsView.swift; sourceTree = "<group>"; };
		A7261207A74BD07536E87B21 /* ZoneDetailView.swift */ = {isa = PBXFileReference; lastKnownFileType = sourcecode.swift; path = ZoneDetailView.swift; sourceTree = "<group>"; };
		ABBD4D3BA875752B7C35E8EB /* CSVExporterTests.swift */ = {isa = PBXFileReference; lastKnownFileType = sourcecode.swift; path = CSVExporterTests.swift; sourceTree = "<group>"; };
		ABE344409A1BE34BA7475210 /* ScoreRingView.swift */ = {isa = PBXFileReference; lastKnownFileType = sourcecode.swift; path = ScoreRingView.swift; sourceTree = "<group>"; };
		AFCAF4F0A4735E383F7CFF5A /* SymptomData.swift */ = {isa = PBXFileReference; lastKnownFileType = sourcecode.swift; path = SymptomData.swift; sourceTree = "<group>"; };
		B311D9209ACE76195028449E /* BodyMapView.swift */ = {isa = PBXFileReference; lastKnownFileType = sourcecode.swift; path = BodyMapView.swift; sourceTree = "<group>"; };
		B5219BB1D836FC41CB9C0B21 /* GlassModifiers.swift */ = {isa = PBXFileReference; lastKnownFileType = sourcecode.swift; path = GlassModifiers.swift; sourceTree = "<group>"; };
		C1AB670E690641B4F946393E /* icon.svg */ = {isa = PBXFileReference; path = icon.svg; sourceTree = "<group>"; };
		C3EBB199DE6DF1554DCC6A41 /* Dose.app */ = {isa = PBXFileReference; includeInIndex = 0; lastKnownFileType = wrapper.application; path = Dose.app; sourceTree = BUILT_PRODUCTS_DIR; };
		C4CE0151530910199A429544 /* BodyworkHubView.swift */ = {isa = PBXFileReference; lastKnownFileType = sourcecode.swift; path = BodyworkHubView.swift; sourceTree = "<group>"; };
		C534B06DF281DF9336AC3148 /* DataStore.swift */ = {isa = PBXFileReference; lastKnownFileType = sourcecode.swift; path = DataStore.swift; sourceTree = "<group>"; };
		C544CCCD81868C4B209D0611 /* AbdomenView.swift */ = {isa = PBXFileReference; lastKnownFileType = sourcecode.swift; path = AbdomenView.swift; sourceTree = "<group>"; };
		C56DF19EBDDEE9E4FDA41EEB /* FacemaxxingView.swift */ = {isa = PBXFileReference; lastKnownFileType = sourcecode.swift; path = FacemaxxingView.swift; sourceTree = "<group>"; };
		C61C9DB011C450F0694A6A68 /* SubstanceDatabaseTests.swift */ = {isa = PBXFileReference; lastKnownFileType = sourcecode.swift; path = SubstanceDatabaseTests.swift; sourceTree = "<group>"; };
		C73D6509C5D3FD25AA4BF404 /* SplashView.swift */ = {isa = PBXFileReference; lastKnownFileType = sourcecode.swift; path = SplashView.swift; sourceTree = "<group>"; };
		C9B5EA7E88D5810D00958E35 /* AddDoseSheet.swift */ = {isa = PBXFileReference; lastKnownFileType = sourcecode.swift; path = AddDoseSheet.swift; sourceTree = "<group>"; };
		CA01EC3CCD634F2506EAA22F /* InteractionEngine.swift */ = {isa = PBXFileReference; lastKnownFileType = sourcecode.swift; path = InteractionEngine.swift; sourceTree = "<group>"; };
		D14AAC39D5A30ACCC6E21ABD /* InsightsView.swift */ = {isa = PBXFileReference; lastKnownFileType = sourcecode.swift; path = InsightsView.swift; sourceTree = "<group>"; };
		D22EBE90B2870358FDB8E8A2 /* NotificationServiceTests.swift */ = {isa = PBXFileReference; lastKnownFileType = sourcecode.swift; path = NotificationServiceTests.swift; sourceTree = "<group>"; };
		D31279C081BE08D0D44E0BA3 /* MeridianListView.swift */ = {isa = PBXFileReference; lastKnownFileType = sourcecode.swift; path = MeridianListView.swift; sourceTree = "<group>"; };
		D389B60E83500D2B9DEF0674 /* SubstanceDatabase.swift */ = {isa = PBXFileReference; lastKnownFileType = sourcecode.swift; path = SubstanceDatabase.swift; sourceTree = "<group>"; };
		D491D718133287F56E41FFDD /* DoseWidgetExtension.appex */ = {isa = PBXFileReference; includeInIndex = 0; lastKnownFileType = "wrapper.app-extension"; path = DoseWidgetExtension.appex; sourceTree = BUILT_PRODUCTS_DIR; };
		DCF71FA0DF91CBDDDB4B0F5C /* Info.plist */ = {isa = PBXFileReference; lastKnownFileType = text.plist; path = Info.plist; sourceTree = "<group>"; };
		E35B4CA4C84F585801A747BC /* HealthScoringService.swift */ = {isa = PBXFileReference; lastKnownFileType = sourcecode.swift; path = HealthScoringService.swift; sourceTree = "<group>"; };
		E6D892AB6D0B3CCFE08464F6 /* Substance.swift */ = {isa = PBXFileReference; lastKnownFileType = sourcecode.swift; path = Substance.swift; sourceTree = "<group>"; };
		E89880E71F4CFEC147A66F6D /* BodyView.swift */ = {isa = PBXFileReference; lastKnownFileType = sourcecode.swift; path = BodyView.swift; sourceTree = "<group>"; };
		EA0B90F1173BFC6B66E49994 /* LabMarkerChartView.swift */ = {isa = PBXFileReference; lastKnownFileType = sourcecode.swift; path = LabMarkerChartView.swift; sourceTree = "<group>"; };
		EA8A362B5594412890C60399 /* DoseEntry.swift */ = {isa = PBXFileReference; lastKnownFileType = sourcecode.swift; path = DoseEntry.swift; sourceTree = "<group>"; };
		EFB01F77676536A2104228F9 /* HealthView.swift */ = {isa = PBXFileReference; lastKnownFileType = sourcecode.swift; path = HealthView.swift; sourceTree = "<group>"; };
		F02F797F12B5742B4B1C3F12 /* Info.plist */ = {isa = PBXFileReference; lastKnownFileType = text.plist; path = Info.plist; sourceTree = "<group>"; };
		F0828A6091BE78F3F2DCC3BF /* LogView.swift */ = {isa = PBXFileReference; lastKnownFileType = sourcecode.swift; path = LogView.swift; sourceTree = "<group>"; };
		F1A42396D0DFA8095574F4E1 /* Assets.xcassets */ = {isa = PBXFileReference; lastKnownFileType = folder.assetcatalog; path = Assets.xcassets; sourceTree = "<group>"; };
		F39FD6B09FB76EBED7F816FC /* AuthView.swift */ = {isa = PBXFileReference; lastKnownFileType = sourcecode.swift; path = AuthView.swift; sourceTree = "<group>"; };
		F44E31E74E4854CCAC953A0F /* SwiftUI.framework */ = {isa = PBXFileReference; lastKnownFileType = wrapper.framework; name = SwiftUI.framework; path = System/Library/Frameworks/SwiftUI.framework; sourceTree = SDKROOT; };
		F51CB366EDF75BD6D938FE83 /* InteractionCheckerView.swift */ = {isa = PBXFileReference; lastKnownFileType = sourcecode.swift; path = InteractionCheckerView.swift; sourceTree = "<group>"; };
		FECB687953F8BAFC321BD953 /* ReflexologyData.swift */ = {isa = PBXFileReference; lastKnownFileType = sourcecode.swift; path = ReflexologyData.swift; sourceTree = "<group>"; };
/* End PBXFileReference section */

/* Begin PBXFrameworksBuildPhase section */
		2816D09C591E1E42BBBD5147 /* Frameworks */ = {
			isa = PBXFrameworksBuildPhase;
			buildActionMask = 2147483647;
			files = (
				3F146AD17DCE928FC547C396 /* WidgetKit.framework in Frameworks */,
				E922D9A1A6474CD6A803EF15 /* SwiftUI.framework in Frameworks */,
			);
			runOnlyForDeploymentPostprocessing = 0;
		};
		400165885FF0238C683014C3 /* Frameworks */ = {
			isa = PBXFrameworksBuildPhase;
			buildActionMask = 2147483647;
			files = (
				8BCBCE683DD90A3BECC1F6EB /* HealthKit.framework in Frameworks */,
				BF2D2A276AA9298A56223C87 /* Supabase in Frameworks */,
			);
			runOnlyForDeploymentPostprocessing = 0;
		};
/* End PBXFrameworksBuildPhase section */

/* Begin PBXGroup section */
		2B428AEFFF6EE6E6D40FE080 /* Services */ = {
			isa = PBXGroup;
			children = (
				A660901E88D0F3B59110204E /* AuthService.swift */,
				7C0100EAF7660790CB2076E8 /* CSVExporter.swift */,
				C534B06DF281DF9336AC3148 /* DataStore.swift */,
				4760F98075780C9B8F1CC276 /* HealthKitService.swift */,
				E35B4CA4C84F585801A747BC /* HealthScoringService.swift */,
				439C4831A77E26446CD92036 /* InsightEngine.swift */,
				CA01EC3CCD634F2506EAA22F /* InteractionEngine.swift */,
				8E961807AF384D983C5F04CC /* NotificationService.swift */,
				2E5D99774E34A7DF4A654E8B /* SyncService.swift */,
			);
			path = Services;
			sourceTree = "<group>";
		};
		331F1F0F1A8DC98895CA0701 /* Frameworks */ = {
			isa = PBXGroup;
			children = (
				62EA86FD5A989F175BD17549 /* HealthKit.framework */,
				F44E31E74E4854CCAC953A0F /* SwiftUI.framework */,
				0579E166DEB2959E738B0078 /* WidgetKit.framework */,
			);
			name = Frameworks;
			sourceTree = "<group>";
		};
		69440A763BBCE0E2EFEABDD8 /* Tests */ = {
			isa = PBXGroup;
			children = (
				ABBD4D3BA875752B7C35E8EB /* CSVExporterTests.swift */,
				326A301D9255956D46D9AF1E /* DataStoreExportTests.swift */,
				57DA05EAE2EFB09CA0260889 /* DataStoreTests.swift */,
				040453F2FBE219F6BE6E9EF2 /* HealthKitServiceTests.swift */,
				565E6E24EC9B8FBE66187DEB /* HealthScoringServiceTests.swift */,
				8AEA39D13F7C656D70702EE8 /* InteractionEngineTests.swift */,
				D22EBE90B2870358FDB8E8A2 /* NotificationServiceTests.swift */,
				C61C9DB011C450F0694A6A68 /* SubstanceDatabaseTests.swift */,
			);
			path = Tests;
			sourceTree = "<group>";
		};
		78AEBBA487B0F0F8EC8AB04C /* DoseWidget */ = {
			isa = PBXGroup;
			children = (
				20D27BAAB993C8892C1BBF07 /* DoseWidget.entitlements */,
				51CC9F83D84BABEBC9F2D908 /* DoseWidget.swift */,
				8947D3D1DFEE18C58CFD07C9 /* DoseWidgetBundle.swift */,
				DCF71FA0DF91CBDDDB4B0F5C /* Info.plist */,
			);
			path = DoseWidget;
			sourceTree = "<group>";
		};
		9799A1FF5292332BA26A0B52 /* Models */ = {
			isa = PBXGroup;
			children = (
				4ED834060F97CFEA7C135BE2 /* AbdomenData.swift */,
				3495F5528260C2574AD9F822 /* AcupunctureData.swift */,
				653F0F0518590F33D5A3B4E7 /* BiometricEntry.swift */,
				3C67CD3A5C3E2E612F4991D2 /* BodyworkSessionStore.swift */,
				EA8A362B5594412890C60399 /* DoseEntry.swift */,
				1423AF24A075D2E9C57A3983 /* FacemaxxingData.swift */,
				5DF53B8C6866BC96CCA4E991 /* HealthEntry.swift */,
				9B3FCE869C9145AA4C3630EC /* LabResult.swift */,
				34E0BEB4D9F0D597B9D49142 /* MyMedication.swift */,
				FECB687953F8BAFC321BD953 /* ReflexologyData.swift */,
				E6D892AB6D0B3CCFE08464F6 /* Substance.swift */,
				AFCAF4F0A4735E383F7CFF5A /* SymptomData.swift */,
			);
			path = Models;
			sourceTree = "<group>";
		};
		A62F8663F8E40427A33504A8 /* Views */ = {
			isa = PBXGroup;
			children = (
				C544CCCD81868C4B209D0611 /* AbdomenView.swift */,
				C9B5EA7E88D5810D00958E35 /* AddDoseSheet.swift */,
				F39FD6B09FB76EBED7F816FC /* AuthView.swift */,
				B311D9209ACE76195028449E /* BodyMapView.swift */,
				E89880E71F4CFEC147A66F6D /* BodyView.swift */,
				C4CE0151530910199A429544 /* BodyworkHubView.swift */,
				67C71A91DA5229F06F59D920 /* CombinedBodyView.swift */,
				9CD9D5B4E7C646AF50DADE68 /* DashboardView.swift */,
				C56DF19EBDDEE9E4FDA41EEB /* FacemaxxingView.swift */,
				B5219BB1D836FC41CB9C0B21 /* GlassModifiers.swift */,
				201D1FBEC07905F67B1CD6BD /* HealthGradeView.swift */,
				EFB01F77676536A2104228F9 /* HealthView.swift */,
				5FCC2B7B1C51F1760B5C6A22 /* HistoryView.swift */,
				D14AAC39D5A30ACCC6E21ABD /* InsightsView.swift */,
				F51CB366EDF75BD6D938FE83 /* InteractionCheckerView.swift */,
				EA0B90F1173BFC6B66E49994 /* LabMarkerChartView.swift */,
				A6D7C7B95F2E60D30505A522 /* LabResultsView.swift */,
				1B81164D54A3AC904FC6F511 /* LibraryView.swift */,
				F0828A6091BE78F3F2DCC3BF /* LogView.swift */,
				D31279C081BE08D0D44E0BA3 /* MeridianListView.swift */,
				354F7B60462421F3FCC87458 /* NewPasswordView.swift */,
				476CBA3966BD79CC981C0A05 /* ReflexologyTab.swift */,
				0C94A81983B50109C6711C13 /* RemindersView.swift */,
				ABE344409A1BE34BA7475210 /* ScoreRingView.swift */,
				3E12140D5AE0B99C6BE9A2E2 /* SessionHistoryView.swift */,
				2C3057504A3A875563DC88B1 /* SettingsView.swift */,
				C73D6509C5D3FD25AA4BF404 /* SplashView.swift */,
				2251CC2B36872890085D517B /* SubstanceDetailView.swift */,
				205050801CD88BEC9478D15F /* SymptomFinderView.swift */,
				A7261207A74BD07536E87B21 /* ZoneDetailView.swift */,
			);
			path = Views;
			sourceTree = "<group>";
		};
		A7DBA0758340F2A295F2290B /* ios */ = {
			isa = PBXGroup;
			children = (
				F1A42396D0DFA8095574F4E1 /* Assets.xcassets */,
				A079F23A43B3D36B334FF32C /* DoseApp.swift */,
				C1AB670E690641B4F946393E /* icon.svg */,
				F02F797F12B5742B4B1C3F12 /* Info.plist */,
				82567013B9DF35875CD12DE3 /* ROADMAP.md */,
				DEB4D54ECFC761E6E7CF4ED5 /* Data */,
				9799A1FF5292332BA26A0B52 /* Models */,
				2B428AEFFF6EE6E6D40FE080 /* Services */,
				A62F8663F8E40427A33504A8 /* Views */,
			);
			name = ios;
			path = .;
			sourceTree = "<group>";
		};
		BB4EC32CE0F54FF0145520F2 = {
			isa = PBXGroup;
			children = (
				DEB4D54ECFC761E6E7CF4ED5 /* Data */,
				78AEBBA487B0F0F8EC8AB04C /* DoseWidget */,
				A7DBA0758340F2A295F2290B /* ios */,
				9799A1FF5292332BA26A0B52 /* Models */,
				2B428AEFFF6EE6E6D40FE080 /* Services */,
				69440A763BBCE0E2EFEABDD8 /* Tests */,
				A62F8663F8E40427A33504A8 /* Views */,
				331F1F0F1A8DC98895CA0701 /* Frameworks */,
				F5FEA589315AFB7745BB1679 /* Products */,
			);
			sourceTree = "<group>";
		};
		DEB4D54ECFC761E6E7CF4ED5 /* Data */ = {
			isa = PBXGroup;
			children = (
				D389B60E83500D2B9DEF0674 /* SubstanceDatabase.swift */,
			);
			path = Data;
			sourceTree = "<group>";
		};
		F5FEA589315AFB7745BB1679 /* Products */ = {
			isa = PBXGroup;
			children = (
				C3EBB199DE6DF1554DCC6A41 /* Dose.app */,
				37CB956EB4B85093D6AFDCD6 /* DoseTests.xctest */,
				D491D718133287F56E41FFDD /* DoseWidgetExtension.appex */,
			);
			name = Products;
			sourceTree = "<group>";
		};
/* End PBXGroup section */

/* Begin PBXNativeTarget section */
		61CA8FFB03B685ED9803AFB5 /* DoseTests */ = {
			isa = PBXNativeTarget;
			buildConfigurationList = 6EA707C9B477076D5401654F /* Build configuration list for PBXNativeTarget "DoseTests" */;
			buildPhases = (
				48799B87879D20319EC764C4 /* Sources */,
			);
			buildRules = (
			);
			dependencies = (
				24F2965F26F1E9FA4A205DC3 /* PBXTargetDependency */,
			);
			name = DoseTests;
			packageProductDependencies = (
			);
			productName = DoseTests;
			productReference = 37CB956EB4B85093D6AFDCD6 /* DoseTests.xctest */;
			productType = "com.apple.product-type.bundle.unit-test";
		};
		A91F1CC649E92BD8B1CD77EA /* DoseWidgetExtension */ = {
			isa = PBXNativeTarget;
			buildConfigurationList = 43953D20CAEBE8AF4ACA6BF6 /* Build configuration list for PBXNativeTarget "DoseWidgetExtension" */;
			buildPhases = (
				F3916EE21E6799885D2A308C /* Sources */,
				2816D09C591E1E42BBBD5147 /* Frameworks */,
			);
			buildRules = (
			);
			dependencies = (
			);
			name = DoseWidgetExtension;
			packageProductDependencies = (
			);
			productName = DoseWidgetExtension;
			productReference = D491D718133287F56E41FFDD /* DoseWidgetExtension.appex */;
			productType = "com.apple.product-type.app-extension";
		};
		C67EF3CBC1F9EE301643B9D6 /* Dose */ = {
			isa = PBXNativeTarget;
			buildConfigurationList = 293717921EA0DBF8C116F6E6 /* Build configuration list for PBXNativeTarget "Dose" */;
			buildPhases = (
				4A944B47B78DE2D9EEC9C454 /* Sources */,
				89B7D9972694678A087E9CC3 /* Resources */,
				400165885FF0238C683014C3 /* Frameworks */,
				120509D956F353029E6D3B58 /* Embed Foundation Extensions */,
			);
			buildRules = (
			);
			dependencies = (
				6D2C965162B8CE1B3E434712 /* PBXTargetDependency */,
			);
			name = Dose;
			packageProductDependencies = (
				2836A7399AB3537105910E3F /* Supabase */,
			);
			productName = Dose;
			productReference = C3EBB199DE6DF1554DCC6A41 /* Dose.app */;
			productType = "com.apple.product-type.application";
		};
/* End PBXNativeTarget section */

/* Begin PBXProject section */
		AFD5A1FE0EB46C313D480984 /* Project object */ = {
			isa = PBXProject;
			attributes = {
				BuildIndependentTargetsInParallel = YES;
				LastUpgradeCheck = 1430;
				TargetAttributes = {
					61CA8FFB03B685ED9803AFB5 = {
						DevelopmentTeam = QMM486NPYC;
						ProvisioningStyle = Automatic;
					};
					A91F1CC649E92BD8B1CD77EA = {
						DevelopmentTeam = QMM486NPYC;
						ProvisioningStyle = Automatic;
					};
					C67EF3CBC1F9EE301643B9D6 = {
						DevelopmentTeam = QMM486NPYC;
						ProvisioningStyle = Automatic;
					};
				};
			};
			buildConfigurationList = 171111CA47A4C48088F6F69A /* Build configuration list for PBXProject "Dose" */;
			developmentRegion = en;
			hasScannedForEncodings = 0;
			knownRegions = (
				Base,
				en,
			);
			mainGroup = BB4EC32CE0F54FF0145520F2;
			minimizedProjectReferenceProxies = 1;
			packageReferences = (
				C02564A630C06D67301A4997 /* XCRemoteSwiftPackageReference "supabase-swift" */,
			);
			preferredProjectObjectVersion = 77;
			productRefGroup = F5FEA589315AFB7745BB1679 /* Products */;
			projectDirPath = "";
			projectRoot = "";
			targets = (
				C67EF3CBC1F9EE301643B9D6 /* Dose */,
				61CA8FFB03B685ED9803AFB5 /* DoseTests */,
				A91F1CC649E92BD8B1CD77EA /* DoseWidgetExtension */,
			);
		};
/* End PBXProject section */

/* Begin PBXResourcesBuildPhase section */
		89B7D9972694678A087E9CC3 /* Resources */ = {
			isa = PBXResourcesBuildPhase;
			buildActionMask = 2147483647;
			files = (
				D0543C1D007690A261712370 /* Assets.xcassets in Resources */,
				8BC82D2DDC8068C603C591D4 /* ROADMAP.md in Resources */,
				594D341ADD6085A618851F1B /* icon.svg in Resources */,
			);
			runOnlyForDeploymentPostprocessing = 0;
		};
/* End PBXResourcesBuildPhase section */

/* Begin PBXSourcesBuildPhase section */
		48799B87879D20319EC764C4 /* Sources */ = {
			isa = PBXSourcesBuildPhase;
			buildActionMask = 2147483647;
			files = (
				9E636530C8351D5A922B5312 /* CSVExporterTests.swift in Sources */,
				74EE59BEA3BD96994A9AC29B /* DataStoreExportTests.swift in Sources */,
				D73969E3BAAB7CFFE48D9987 /* DataStoreTests.swift in Sources */,
				DD3D0D5A1BC654C563096584 /* HealthKitServiceTests.swift in Sources */,
				750A39D589CD40CEAC85073B /* HealthScoringServiceTests.swift in Sources */,
				5CB0496D5F8B59C397AFDBC6 /* InteractionEngineTests.swift in Sources */,
				F500DF9C98BA54C81952A707 /* NotificationServiceTests.swift in Sources */,
				E74A9F41445E1F056CB216B9 /* SubstanceDatabaseTests.swift in Sources */,
			);
			runOnlyForDeploymentPostprocessing = 0;
		};
		4A944B47B78DE2D9EEC9C454 /* Sources */ = {
			isa = PBXSourcesBuildPhase;
			buildActionMask = 2147483647;
			files = (
				8BBA3BAFE44EB93DF46349D8 /* AbdomenData.swift in Sources */,
				E35DC77504ADF3582B7B84A9 /* AbdomenView.swift in Sources */,
				E2114ADE60A1CE938C84E23C /* AcupunctureData.swift in Sources */,
				592E2468301F728F08922E24 /* AddDoseSheet.swift in Sources */,
				30886660819784903AAC423E /* AuthService.swift in Sources */,
				2F9D3AA8C888A3891BD6702C /* AuthView.swift in Sources */,
				AF2EE850115F47E5069C2894 /* BiometricEntry.swift in Sources */,
				30F3080D415CBF6C50FCE3A4 /* BodyMapView.swift in Sources */,
				D0AD42AC88B044B65135658F /* BodyView.swift in Sources */,
				794DA80E5E29BF8E1A14E35D /* BodyworkHubView.swift in Sources */,
				3BD2CA1358D8B98798B9E9CA /* BodyworkSessionStore.swift in Sources */,
				392CA299C6A901E7C8082F0D /* CSVExporter.swift in Sources */,
				B6FF682DBA1AA10662434838 /* CombinedBodyView.swift in Sources */,
				293C2350E646A41D465B5C71 /* DashboardView.swift in Sources */,
				483C2F7A1F3B64999EF4D79E /* DataStore.swift in Sources */,
				ABB8E0E7DF8799E15D5F8F3D /* DoseApp.swift in Sources */,
				75470391AE1D44671307F73A /* DoseEntry.swift in Sources */,
				F68F4FEDE8C7343285092539 /* FacemaxxingData.swift in Sources */,
				BF9493800113655A88D85254 /* FacemaxxingView.swift in Sources */,
				2B1BF4519E0BE393BCA523B0 /* GlassModifiers.swift in Sources */,
				7751731F8EDA40F1D681413C /* HealthEntry.swift in Sources */,
				C8CD7C6DF71D15C441256EF0 /* HealthGradeView.swift in Sources */,
				180B194DDD05ED344A86B79B /* HealthKitService.swift in Sources */,
				0625FA0A9F7B279451AC3D03 /* HealthScoringService.swift in Sources */,
				A55A7D5ED827C927D07B984E /* HealthView.swift in Sources */,
				EE012BF3182DC590E5CF5843 /* HistoryView.swift in Sources */,
				D703BFC926852D24E8360CAC /* InsightEngine.swift in Sources */,
				7A4E92DAC74123574F63BC9B /* InsightsView.swift in Sources */,
				F752117B8C5CC20A5352F309 /* InteractionCheckerView.swift in Sources */,
				9D5552FDE67D7F4CE1895A9C /* InteractionEngine.swift in Sources */,
				B952F3F654DAEC637D058BDC /* LabMarkerChartView.swift in Sources */,
				BFB64F0D40488C6B2720C3D4 /* LabResult.swift in Sources */,
				4D903F86C8B170A31B9E5F75 /* LabResultsView.swift in Sources */,
				551225FEE3BC080086A69A07 /* LibraryView.swift in Sources */,
				5B56D31560DB72351F27BC07 /* LogView.swift in Sources */,
				A8C14EDE490F7869B5230223 /* MeridianListView.swift in Sources */,
				67E4892730206F8943921A69 /* MyMedication.swift in Sources */,
				C7728AA4374C13D6E495E505 /* NewPasswordView.swift in Sources */,
				4F1F07E4E64324C742CFED16 /* NotificationService.swift in Sources */,
				A3E0A36F5EECA4487BB3F62B /* ReflexologyData.swift in Sources */,
				5CD35D5B6C72BEA0D94C1BCF /* ReflexologyTab.swift in Sources */,
				A402577B3567D6352E527E70 /* RemindersView.swift in Sources */,
				F46354BDDB98C68C89845402 /* ScoreRingView.swift in Sources */,
				2916D332F0CA9DCE57E3E55A /* SessionHistoryView.swift in Sources */,
				33E3FB245B8B3BD2970D7DBC /* SettingsView.swift in Sources */,
				015FC4ECBA6D2A947A71E939 /* SplashView.swift in Sources */,
				821812BED10F93DB7CCBBE70 /* Substance.swift in Sources */,
				19F672F7C0B340BF2064AD28 /* SubstanceDatabase.swift in Sources */,
				53B923CF9AEA80744E44037C /* SubstanceDetailView.swift in Sources */,
				24660FAA26FC1C7E6E90F1A7 /* SymptomData.swift in Sources */,
				A6A1A39575C1B14547C80D6F /* SymptomFinderView.swift in Sources */,
				F454B90BDC9C6728AFC85059 /* SyncService.swift in Sources */,
				F3C488962F5822C9AE2B2B22 /* ZoneDetailView.swift in Sources */,
			);
			runOnlyForDeploymentPostprocessing = 0;
		};
		F3916EE21E6799885D2A308C /* Sources */ = {
			isa = PBXSourcesBuildPhase;
			buildActionMask = 2147483647;
			files = (
				A87469538F40E911DCD9F7BD /* DoseWidget.swift in Sources */,
				66065EC17E1EB67D055A05BC /* DoseWidgetBundle.swift in Sources */,
			);
			runOnlyForDeploymentPostprocessing = 0;
		};
/* End PBXSourcesBuildPhase section */

/* Begin PBXTargetDependency section */
		24F2965F26F1E9FA4A205DC3 /* PBXTargetDependency */ = {
			isa = PBXTargetDependency;
			target = C67EF3CBC1F9EE301643B9D6 /* Dose */;
			targetProxy = B78C46D44E36E9D4F6701A93 /* PBXContainerItemProxy */;
		};
		6D2C965162B8CE1B3E434712 /* PBXTargetDependency */ = {
			isa = PBXTargetDependency;
			target = A91F1CC649E92BD8B1CD77EA /* DoseWidgetExtension */;
			targetProxy = 627A213B2C63AB4AD814C04D /* PBXContainerItemProxy */;
		};
/* End PBXTargetDependency section */

/* Begin XCBuildConfiguration section */
		015CC5830A1750D7C0091941 /* Debug */ = {
			isa = XCBuildConfiguration;
			buildSettings = {
				CODE_SIGN_ENTITLEMENTS = DoseWidget/DoseWidget.entitlements;
				INFOPLIST_FILE = DoseWidget/Info.plist;
				LD_RUNPATH_SEARCH_PATHS = (
					"$(inherited)",
					"@executable_path/Frameworks",
					"@executable_path/../../Frameworks",
				);
				PRODUCT_BUNDLE_IDENTIFIER = com.heyitsmejosh.dose.widget;
				SDKROOT = iphoneos;
				TARGETED_DEVICE_FAMILY = "1,2";
			};
			name = Debug;
		};
		0FD54AE3CAD3A9BB7ADAEF6A /* Release */ = {
			isa = XCBuildConfiguration;
			buildSettings = {
				ALWAYS_SEARCH_USER_PATHS = NO;
				CLANG_ANALYZER_NONNULL = YES;
				CLANG_ANALYZER_NUMBER_OBJECT_CONVERSION = YES_AGGRESSIVE;
				CLANG_CXX_LANGUAGE_STANDARD = "gnu++14";
				CLANG_CXX_LIBRARY = "libc++";
				CLANG_ENABLE_MODULES = YES;
				CLANG_ENABLE_OBJC_ARC = YES;
				CLANG_ENABLE_OBJC_WEAK = YES;
				CLANG_WARN_BLOCK_CAPTURE_AUTORELEASING = YES;
				CLANG_WARN_BOOL_CONVERSION = YES;
				CLANG_WARN_COMMA = YES;
				CLANG_WARN_CONSTANT_CONVERSION = YES;
				CLANG_WARN_DEPRECATED_OBJC_IMPLEMENTATIONS = YES;
				CLANG_WARN_DIRECT_OBJC_ISA_USAGE = YES_ERROR;
				CLANG_WARN_DOCUMENTATION_COMMENTS = YES;
				CLANG_WARN_EMPTY_BODY = YES;
				CLANG_WARN_ENUM_CONVERSION = YES;
				CLANG_WARN_INFINITE_RECURSION = YES;
				CLANG_WARN_INT_CONVERSION = YES;
				CLANG_WARN_NON_LITERAL_NULL_CONVERSION = YES;
				CLANG_WARN_OBJC_IMPLICIT_RETAIN_SELF = YES;
				CLANG_WARN_OBJC_LITERAL_CONVERSION = YES;
				CLANG_WARN_OBJC_ROOT_CLASS = YES_ERROR;
				CLANG_WARN_QUOTED_INCLUDE_IN_FRAMEWORK_HEADER = YES;
				CLANG_WARN_RANGE_LOOP_ANALYSIS = YES;
				CLANG_WARN_STRICT_PROTOTYPES = YES;
				CLANG_WARN_SUSPICIOUS_MOVE = YES;
				CLANG_WARN_UNGUARDED_AVAILABILITY = YES_AGGRESSIVE;
				CLANG_WARN_UNREACHABLE_CODE = YES;
				CLANG_WARN__DUPLICATE_METHOD_MATCH = YES;
				CODE_SIGN_STYLE = Automatic;
				COPY_PHASE_STRIP = NO;
				CURRENT_PROJECT_VERSION = 1;
				DEBUG_INFORMATION_FORMAT = "dwarf-with-dsym";
				DEVELOPMENT_TEAM = QMM486NPYC;
				ENABLE_NS_ASSERTIONS = NO;
				ENABLE_STRICT_OBJC_MSGSEND = YES;
				GCC_C_LANGUAGE_STANDARD = gnu11;
				GCC_NO_COMMON_BLOCKS = YES;
				GCC_WARN_64_TO_32_BIT_CONVERSION = YES;
				GCC_WARN_ABOUT_RETURN_TYPE = YES_ERROR;
				GCC_WARN_UNDECLARED_SELECTOR = YES;
				GCC_WARN_UNINITIALIZED_AUTOS = YES_AGGRESSIVE;
				GCC_WARN_UNUSED_FUNCTION = YES;
				GCC_WARN_UNUSED_VARIABLE = YES;
				IPHONEOS_DEPLOYMENT_TARGET = 17.0;
				MARKETING_VERSION = 2.3.1;
				MTL_ENABLE_DEBUG_INFO = NO;
				MTL_FAST_MATH = YES;
				PRODUCT_NAME = "$(TARGET_NAME)";
				SDKROOT = iphoneos;
				SWIFT_COMPILATION_MODE = wholemodule;
				SWIFT_OPTIMIZATION_LEVEL = "-O";
				SWIFT_VERSION = 6.0;
			};
			name = Release;
		};
		356CB5009B124FB6E638A49D /* Debug */ = {
			isa = XCBuildConfiguration;
			buildSettings = {
				BUNDLE_LOADER = "$(TEST_HOST)";
				GENERATE_INFOPLIST_FILE = YES;
				LD_RUNPATH_SEARCH_PATHS = (
					"$(inherited)",
					"@executable_path/Frameworks",
					"@loader_path/Frameworks",
				);
				PRODUCT_BUNDLE_IDENTIFIER = com.heyitsmejosh.dose.tests;
				SDKROOT = iphoneos;
				TARGETED_DEVICE_FAMILY = "1,2";
				TEST_HOST = "$(BUILT_PRODUCTS_DIR)/Dose.app/Dose";
			};
			name = Debug;
		};
		381BA2402C1D59760C9A4AD4 /* Release */ = {
			isa = XCBuildConfiguration;
			buildSettings = {
				CODE_SIGN_ENTITLEMENTS = DoseWidget/DoseWidget.entitlements;
				INFOPLIST_FILE = DoseWidget/Info.plist;
				LD_RUNPATH_SEARCH_PATHS = (
					"$(inherited)",
					"@executable_path/Frameworks",
					"@executable_path/../../Frameworks",
				);
				PRODUCT_BUNDLE_IDENTIFIER = com.heyitsmejosh.dose.widget;
				SDKROOT = iphoneos;
				TARGETED_DEVICE_FAMILY = "1,2";
			};
			name = Release;
		};
		389DFA995DF68B2811BF32CB /* Debug */ = {
			isa = XCBuildConfiguration;
			buildSettings = {
				ASSETCATALOG_COMPILER_APPICON_NAME = AppIcon;
				CODE_SIGN_ENTITLEMENTS = Dose.entitlements;
				CODE_SIGN_IDENTITY = "iPhone Developer";
				INFOPLIST_FILE = Info.plist;
				LD_RUNPATH_SEARCH_PATHS = (
					"$(inherited)",
					"@executable_path/Frameworks",
				);
				PRODUCT_BUNDLE_IDENTIFIER = com.heyitsmejosh.dose;
				SDKROOT = iphoneos;
				TARGETED_DEVICE_FAMILY = "1,2";
			};
			name = Debug;
		};
		44939B3DCE054BC2C55C4870 /* Release */ = {
			isa = XCBuildConfiguration;
			buildSettings = {
				BUNDLE_LOADER = "$(TEST_HOST)";
				GENERATE_INFOPLIST_FILE = YES;
				LD_RUNPATH_SEARCH_PATHS = (
					"$(inherited)",
					"@executable_path/Frameworks",
					"@loader_path/Frameworks",
				);
				PRODUCT_BUNDLE_IDENTIFIER = com.heyitsmejosh.dose.tests;
				SDKROOT = iphoneos;
				TARGETED_DEVICE_FAMILY = "1,2";
				TEST_HOST = "$(BUILT_PRODUCTS_DIR)/Dose.app/Dose";
			};
			name = Release;
		};
		C5CD29AD5077EDDFA22485F5 /* Release */ = {
			isa = XCBuildConfiguration;
			buildSettings = {
				ASSETCATALOG_COMPILER_APPICON_NAME = AppIcon;
				CODE_SIGN_ENTITLEMENTS = Dose.entitlements;
				CODE_SIGN_IDENTITY = "iPhone Developer";
				INFOPLIST_FILE = Info.plist;
				LD_RUNPATH_SEARCH_PATHS = (
					"$(inherited)",
					"@executable_path/Frameworks",
				);
				PRODUCT_BUNDLE_IDENTIFIER = com.heyitsmejosh.dose;
				SDKROOT = iphoneos;
				TARGETED_DEVICE_FAMILY = "1,2";
			};
			name = Release;
		};
		DDA4484B04D074C442760256 /* Debug */ = {
			isa = XCBuildConfiguration;
			buildSettings = {
				ALWAYS_SEARCH_USER_PATHS = NO;
				CLANG_ANALYZER_NONNULL = YES;
				CLANG_ANALYZER_NUMBER_OBJECT_CONVERSION = YES_AGGRESSIVE;
				CLANG_CXX_LANGUAGE_STANDARD = "gnu++14";
				CLANG_CXX_LIBRARY = "libc++";
				CLANG_ENABLE_MODULES = YES;
				CLANG_ENABLE_OBJC_ARC = YES;
				CLANG_ENABLE_OBJC_WEAK = YES;
				CLANG_WARN_BLOCK_CAPTURE_AUTORELEASING = YES;
				CLANG_WARN_BOOL_CONVERSION = YES;
				CLANG_WARN_COMMA = YES;
				CLANG_WARN_CONSTANT_CONVERSION = YES;
				CLANG_WARN_DEPRECATED_OBJC_IMPLEMENTATIONS = YES;
				CLANG_WARN_DIRECT_OBJC_ISA_USAGE = YES_ERROR;
				CLANG_WARN_DOCUMENTATION_COMMENTS = YES;
				CLANG_WARN_EMPTY_BODY = YES;
				CLANG_WARN_ENUM_CONVERSION = YES;
				CLANG_WARN_INFINITE_RECURSION = YES;
				CLANG_WARN_INT_CONVERSION = YES;
				CLANG_WARN_NON_LITERAL_NULL_CONVERSION = YES;
				CLANG_WARN_OBJC_IMPLICIT_RETAIN_SELF = YES;
				CLANG_WARN_OBJC_LITERAL_CONVERSION = YES;
				CLANG_WARN_OBJC_ROOT_CLASS = YES_ERROR;
				CLANG_WARN_QUOTED_INCLUDE_IN_FRAMEWORK_HEADER = YES;
				CLANG_WARN_RANGE_LOOP_ANALYSIS = YES;
				CLANG_WARN_STRICT_PROTOTYPES = YES;
				CLANG_WARN_SUSPICIOUS_MOVE = YES;
				CLANG_WARN_UNGUARDED_AVAILABILITY = YES_AGGRESSIVE;
				CLANG_WARN_UNREACHABLE_CODE = YES;
				CLANG_WARN__DUPLICATE_METHOD_MATCH = YES;
				CODE_SIGN_STYLE = Automatic;
				COPY_PHASE_STRIP = NO;
				CURRENT_PROJECT_VERSION = 1;
				DEBUG_INFORMATION_FORMAT = dwarf;
				DEVELOPMENT_TEAM = QMM486NPYC;
				ENABLE_STRICT_OBJC_MSGSEND = YES;
				ENABLE_TESTABILITY = YES;
				GCC_C_LANGUAGE_STANDARD = gnu11;
				GCC_DYNAMIC_NO_PIC = NO;
				GCC_NO_COMMON_BLOCKS = YES;
				GCC_OPTIMIZATION_LEVEL = 0;
				GCC_PREPROCESSOR_DEFINITIONS = (
					"$(inherited)",
					"DEBUG=1",
				);
				GCC_WARN_64_TO_32_BIT_CONVERSION = YES;
				GCC_WARN_ABOUT_RETURN_TYPE = YES_ERROR;
				GCC_WARN_UNDECLARED_SELECTOR = YES;
				GCC_WARN_UNINITIALIZED_AUTOS = YES_AGGRESSIVE;
				GCC_WARN_UNUSED_FUNCTION = YES;
				GCC_WARN_UNUSED_VARIABLE = YES;
				IPHONEOS_DEPLOYMENT_TARGET = 17.0;
				MARKETING_VERSION = 2.3.1;
				MTL_ENABLE_DEBUG_INFO = INCLUDE_SOURCE;
				MTL_FAST_MATH = YES;
				ONLY_ACTIVE_ARCH = YES;
				PRODUCT_NAME = "$(TARGET_NAME)";
				SDKROOT = iphoneos;
				SWIFT_ACTIVE_COMPILATION_CONDITIONS = DEBUG;
				SWIFT_OPTIMIZATION_LEVEL = "-Onone";
				SWIFT_VERSION = 6.0;
			};
			name = Debug;
		};
/* End XCBuildConfiguration section */

/* Begin XCConfigurationList section */
		171111CA47A4C48088F6F69A /* Build configuration list for PBXProject "Dose" */ = {
			isa = XCConfigurationList;
			buildConfigurations = (
				DDA4484B04D074C442760256 /* Debug */,
				0FD54AE3CAD3A9BB7ADAEF6A /* Release */,
			);
			defaultConfigurationIsVisible = 0;
			defaultConfigurationName = Debug;
		};
		293717921EA0DBF8C116F6E6 /* Build configuration list for PBXNativeTarget "Dose" */ = {
			isa = XCConfigurationList;
			buildConfigurations = (
				389DFA995DF68B2811BF32CB /* Debug */,
				C5CD29AD5077EDDFA22485F5 /* Release */,
			);
			defaultConfigurationIsVisible = 0;
			defaultConfigurationName = Debug;
		};
		43953D20CAEBE8AF4ACA6BF6 /* Build configuration list for PBXNativeTarget "DoseWidgetExtension" */ = {
			isa = XCConfigurationList;
			buildConfigurations = (
				015CC5830A1750D7C0091941 /* Debug */,
				381BA2402C1D59760C9A4AD4 /* Release */,
			);
			defaultConfigurationIsVisible = 0;
			defaultConfigurationName = Debug;
		};
		6EA707C9B477076D5401654F /* Build configuration list for PBXNativeTarget "DoseTests" */ = {
			isa = XCConfigurationList;
			buildConfigurations = (
				356CB5009B124FB6E638A49D /* Debug */,
				44939B3DCE054BC2C55C4870 /* Release */,
			);
			defaultConfigurationIsVisible = 0;
			defaultConfigurationName = Debug;
		};
/* End XCConfigurationList section */

/* Begin XCRemoteSwiftPackageReference section */
		C02564A630C06D67301A4997 /* XCRemoteSwiftPackageReference "supabase-swift" */ = {
			isa = XCRemoteSwiftPackageReference;
			repositoryURL = "https://github.com/supabase/supabase-swift.git";
			requirement = {
				kind = upToNextMajorVersion;
				minimumVersion = 2.5.1;
			};
		};
/* End XCRemoteSwiftPackageReference section */

/* Begin XCSwiftPackageProductDependency section */
		2836A7399AB3537105910E3F /* Supabase */ = {
			isa = XCSwiftPackageProductDependency;
			package = C02564A630C06D67301A4997 /* XCRemoteSwiftPackageReference "supabase-swift" */;
			productName = Supabase;
		};
/* End XCSwiftPackageProductDependency section */
	};
	rootObject = AFD5A1FE0EB46C313D480984 /* Project object */;
}
