// !$*UTF8*$!
{
	archiveVersion = 1;
	classes = {
	};
	objectVersion = 77;
	objects = {

/* Begin PBXBuildFile section */
		163C7267711F5AF9BCA8EC21 /* Supabase in Frameworks */ = {isa = PBXBuildFile; productRef = 65F69D6D5A5D766469BBE46E /* Supabase */; };
		1D6E445A3EC0E25BDAE0B03B /* ReflexologyData.swift in Sources */ = {isa = PBXBuildFile; fileRef = A9EA544E564F9BC9C78A43BC /* ReflexologyData.swift */; };
		2A8A8036E49BAB222F7CB449 /* MacSessionHistoryView.swift in Sources */ = {isa = PBXBuildFile; fileRef = F77E049B81C19DA4F1FE959B /* MacSessionHistoryView.swift */; };
		2CF5BD1155808ABB31356D8D /* MacSymptomFinderView.swift in Sources */ = {isa = PBXBuildFile; fileRef = 14F5C511275324C6A1D22C87 /* MacSymptomFinderView.swift */; };
		2E159960DC1BDEB7280CC5EA /* FacemaxxingData.swift in Sources */ = {isa = PBXBuildFile; fileRef = 9A726D1CEE1BF121384FF782 /* FacemaxxingData.swift */; };
		312D88DBB0BA6753C1F974EC /* ZoneDetailView.swift in Sources */ = {isa = PBXBuildFile; fileRef = 2560A79ADE4FA5FA4E09B4B7 /* ZoneDetailView.swift */; };
		390847C68B303264D3EBB3D7 /* AuthService.swift in Sources */ = {isa = PBXBuildFile; fileRef = C3B462277BFFEFFC04DDAAD2 /* AuthService.swift */; };
		47D337721CB789933A009D81 /* ExportOptions.plist in Resources */ = {isa = PBXBuildFile; fileRef = 3F6B3794F32F35EBBFDA89AE /* ExportOptions.plist */; };
		4F48385CC41626B62530D330 /* SidebarView.swift in Sources */ = {isa = PBXBuildFile; fileRef = 658332455BF4468793E8E638 /* SidebarView.swift */; };
		5BDB2037B67005A7F9642B23 /* MacReflexologyView.swift in Sources */ = {isa = PBXBuildFile; fileRef = 12664FDBF1B0B853948B55D7 /* MacReflexologyView.swift */; };
		689266BE2650EDAA93348D3E /* MacLabResultsView.swift in Sources */ = {isa = PBXBuildFile; fileRef = B3BFAC39E481BB7B6D3E7249 /* MacLabResultsView.swift */; };
		72A8FD40CAE4518907343CA0 /* AbdomenData.swift in Sources */ = {isa = PBXBuildFile; fileRef = 325F038875E9F50100570F10 /* AbdomenData.swift */; };
		767425A5F351576DB418D116 /* MacMeridianListView.swift in Sources */ = {isa = PBXBuildFile; fileRef = E670EC99285A09DF100E7DC9 /* MacMeridianListView.swift */; };
		7C24B382B2E79524EB01E213 /* MacAbdomenView.swift in Sources */ = {isa = PBXBuildFile; fileRef = D72535493F0D0662D755B5AC /* MacAbdomenView.swift */; };
		86B0A360292A2B1F01CE83CF /* SubstanceDatabase.swift in Sources */ = {isa = PBXBuildFile; fileRef = D2AE1515600BD8158EC3AD89 /* SubstanceDatabase.swift */; };
		8AD76ADBC95EAA4700B29251 /* BodyMapView.swift in Sources */ = {isa = PBXBuildFile; fileRef = 86C45C3FD56F2975F384C1E3 /* BodyMapView.swift */; };
		9163F6E9760E5C19B97434B5 /* BodyworkSessionStore.swift in Sources */ = {isa = PBXBuildFile; fileRef = 8339AA4634B1EE775A24B13B /* BodyworkSessionStore.swift */; };
		AB6A5928CAC074ADA8A51A22 /* MacSettingsView.swift in Sources */ = {isa = PBXBuildFile; fileRef = 36FBB04EAB0A907552454090 /* MacSettingsView.swift */; };
		B4CC8FD7B4475496063ACE00 /* SymptomData.swift in Sources */ = {isa = PBXBuildFile; fileRef = AEED70A58D3463009B435631 /* SymptomData.swift */; };
		B6A2F8EAC44D13A95ED8A4A0 /* MacDashboardView.swift in Sources */ = {isa = PBXBuildFile; fileRef = 2B8F17D45D138F3B85ADB441 /* MacDashboardView.swift */; };
		BCC97ED649613823AFE55AB8 /* LabResult.swift in Sources */ = {isa = PBXBuildFile; fileRef = 92562854A3DE6250B1AE6C8C /* LabResult.swift */; };
		C0189725A9FD55EFADDF6EDB /* Assets.xcassets in Resources */ = {isa = PBXBuildFile; fileRef = 15D372531B26CB8A81EFB52E /* Assets.xcassets */; };
		C09B1C31CE00C2CFFD096A39 /* DataStore.swift in Sources */ = {isa = PBXBuildFile; fileRef = 8D6AFDD3692AEE45F5B5E2E3 /* DataStore.swift */; };
		C5C6416F36C7951A6124B889 /* AcupunctureData.swift in Sources */ = {isa = PBXBuildFile; fileRef = 529D4EBDA9DB5D0CFE8E3620 /* AcupunctureData.swift */; };
		E04AA14A1D5374225ADFE190 /* AuthView.swift in Sources */ = {isa = PBXBuildFile; fileRef = 5913A272221D6000446F4512 /* AuthView.swift */; };
		E49853A24ADD6A8F2E553228 /* MyMedication.swift in Sources */ = {isa = PBXBuildFile; fileRef = A47F51C766D75EFC37CDB9AC /* MyMedication.swift */; };
		E5E0B5CAC8E1E33400B2684C /* DoseEntry.swift in Sources */ = {isa = PBXBuildFile; fileRef = C0AABC641F1865863B3FDBF9 /* DoseEntry.swift */; };
		E934C03E901C4387482CC55A /* InsightEngine.swift in Sources */ = {isa = PBXBuildFile; fileRef = E97837BAE2FEFE28A049A07B /* InsightEngine.swift */; };
		E9F62411D0D3217F7C759DD7 /* HealthEntry.swift in Sources */ = {isa = PBXBuildFile; fileRef = 233AB9925563AD60206E2E90 /* HealthEntry.swift */; };
		EAC1E43622954CC56A1329D2 /* BiometricEntry.swift in Sources */ = {isa = PBXBuildFile; fileRef = 45D13B2BCE112D6A18E7751B /* BiometricEntry.swift */; };
		EBCF2C4B8AF3A6546064DA4D /* Substance.swift in Sources */ = {isa = PBXBuildFile; fileRef = 2C780039566502D611CDB696 /* Substance.swift */; };
		EC4E9810B307F61768E1A472 /* HealstackApp.swift in Sources */ = {isa = PBXBuildFile; fileRef = 7839514FF89F16800F36C523 /* HealstackApp.swift */; };
		F98ADD0175CC173F2B549781 /* MacFacemaxxingView.swift in Sources */ = {isa = PBXBuildFile; fileRef = B81BD4C6B9C5439DADA2528D /* MacFacemaxxingView.swift */; };
/* End PBXBuildFile section */

/* Begin PBXFileReference section */
		12664FDBF1B0B853948B55D7 /* MacReflexologyView.swift */ = {isa = PBXFileReference; lastKnownFileType = sourcecode.swift; path = MacReflexologyView.swift; sourceTree = "<group>"; };
		14F5C511275324C6A1D22C87 /* MacSymptomFinderView.swift */ = {isa = PBXFileReference; lastKnownFileType = sourcecode.swift; path = MacSymptomFinderView.swift; sourceTree = "<group>"; };
		15D372531B26CB8A81EFB52E /* Assets.xcassets */ = {isa = PBXFileReference; lastKnownFileType = folder.assetcatalog; path = Assets.xcassets; sourceTree = "<group>"; };
		233AB9925563AD60206E2E90 /* HealthEntry.swift */ = {isa = PBXFileReference; lastKnownFileType = sourcecode.swift; path = HealthEntry.swift; sourceTree = "<group>"; };
		2560A79ADE4FA5FA4E09B4B7 /* ZoneDetailView.swift */ = {isa = PBXFileReference; lastKnownFileType = sourcecode.swift; path = ZoneDetailView.swift; sourceTree = "<group>"; };
		2B8F17D45D138F3B85ADB441 /* MacDashboardView.swift */ = {isa = PBXFileReference; lastKnownFileType = sourcecode.swift; path = MacDashboardView.swift; sourceTree = "<group>"; };
		2C780039566502D611CDB696 /* Substance.swift */ = {isa = PBXFileReference; lastKnownFileType = sourcecode.swift; path = Substance.swift; sourceTree = "<group>"; };
		325F038875E9F50100570F10 /* AbdomenData.swift */ = {isa = PBXFileReference; lastKnownFileType = sourcecode.swift; path = AbdomenData.swift; sourceTree = "<group>"; };
		36FBB04EAB0A907552454090 /* MacSettingsView.swift */ = {isa = PBXFileReference; lastKnownFileType = sourcecode.swift; path = MacSettingsView.swift; sourceTree = "<group>"; };
		3F5F39D7F3A6909F3A9C7B2D /* Healstack.app */ = {isa = PBXFileReference; explicitFileType = wrapper.application; includeInIndex = 0; path = Healstack.app; sourceTree = BUILT_PRODUCTS_DIR; };
		3F6B3794F32F35EBBFDA89AE /* ExportOptions.plist */ = {isa = PBXFileReference; lastKnownFileType = text.plist; path = ExportOptions.plist; sourceTree = "<group>"; };
		45D13B2BCE112D6A18E7751B /* BiometricEntry.swift */ = {isa = PBXFileReference; lastKnownFileType = sourcecode.swift; path = BiometricEntry.swift; sourceTree = "<group>"; };
		48A15FAEF19FD6CF5A6549A1 /* Info.plist */ = {isa = PBXFileReference; lastKnownFileType = text.plist; path = Info.plist; sourceTree = "<group>"; };
		529D4EBDA9DB5D0CFE8E3620 /* AcupunctureData.swift */ = {isa = PBXFileReference; lastKnownFileType = sourcecode.swift; path = AcupunctureData.swift; sourceTree = "<group>"; };
		5913A272221D6000446F4512 /* AuthView.swift */ = {isa = PBXFileReference; lastKnownFileType = sourcecode.swift; path = AuthView.swift; sourceTree = "<group>"; };
		658332455BF4468793E8E638 /* SidebarView.swift */ = {isa = PBXFileReference; lastKnownFileType = sourcecode.swift; path = SidebarView.swift; sourceTree = "<group>"; };
		7839514FF89F16800F36C523 /* HealstackApp.swift */ = {isa = PBXFileReference; lastKnownFileType = sourcecode.swift; path = HealstackApp.swift; sourceTree = "<group>"; };
		8339AA4634B1EE775A24B13B /* BodyworkSessionStore.swift */ = {isa = PBXFileReference; lastKnownFileType = sourcecode.swift; path = BodyworkSessionStore.swift; sourceTree = "<group>"; };
		86C45C3FD56F2975F384C1E3 /* BodyMapView.swift */ = {isa = PBXFileReference; lastKnownFileType = sourcecode.swift; path = BodyMapView.swift; sourceTree = "<group>"; };
		8D6AFDD3692AEE45F5B5E2E3 /* DataStore.swift */ = {isa = PBXFileReference; lastKnownFileType = sourcecode.swift; path = DataStore.swift; sourceTree = "<group>"; };
		92562854A3DE6250B1AE6C8C /* LabResult.swift */ = {isa = PBXFileReference; lastKnownFileType = sourcecode.swift; path = LabResult.swift; sourceTree = "<group>"; };
		9A726D1CEE1BF121384FF782 /* FacemaxxingData.swift */ = {isa = PBXFileReference; lastKnownFileType = sourcecode.swift; path = FacemaxxingData.swift; sourceTree = "<group>"; };
		A47F51C766D75EFC37CDB9AC /* MyMedication.swift */ = {isa = PBXFileReference; lastKnownFileType = sourcecode.swift; path = MyMedication.swift; sourceTree = "<group>"; };
		A9EA544E564F9BC9C78A43BC /* ReflexologyData.swift */ = {isa = PBXFileReference; lastKnownFileType = sourcecode.swift; path = ReflexologyData.swift; sourceTree = "<group>"; };
		AEED70A58D3463009B435631 /* SymptomData.swift */ = {isa = PBXFileReference; lastKnownFileType = sourcecode.swift; path = SymptomData.swift; sourceTree = "<group>"; };
		B3BFAC39E481BB7B6D3E7249 /* MacLabResultsView.swift */ = {isa = PBXFileReference; lastKnownFileType = sourcecode.swift; path = MacLabResultsView.swift; sourceTree = "<group>"; };
		B81BD4C6B9C5439DADA2528D /* MacFacemaxxingView.swift */ = {isa = PBXFileReference; lastKnownFileType = sourcecode.swift; path = MacFacemaxxingView.swift; sourceTree = "<group>"; };
		C0AABC641F1865863B3FDBF9 /* DoseEntry.swift */ = {isa = PBXFileReference; lastKnownFileType = sourcecode.swift; path = DoseEntry.swift; sourceTree = "<group>"; };
		C3B462277BFFEFFC04DDAAD2 /* AuthService.swift */ = {isa = PBXFileReference; lastKnownFileType = sourcecode.swift; path = AuthService.swift; sourceTree = "<group>"; };
		D2AE1515600BD8158EC3AD89 /* SubstanceDatabase.swift */ = {isa = PBXFileReference; lastKnownFileType = sourcecode.swift; path = SubstanceDatabase.swift; sourceTree = "<group>"; };
		D72535493F0D0662D755B5AC /* MacAbdomenView.swift */ = {isa = PBXFileReference; lastKnownFileType = sourcecode.swift; path = MacAbdomenView.swift; sourceTree = "<group>"; };
		DB6678281207B0831D1BB89F /* HealstackMac.entitlements */ = {isa = PBXFileReference; lastKnownFileType = text.plist.entitlements; path = HealstackMac.entitlements; sourceTree = "<group>"; };
		E670EC99285A09DF100E7DC9 /* MacMeridianListView.swift */ = {isa = PBXFileReference; lastKnownFileType = sourcecode.swift; path = MacMeridianListView.swift; sourceTree = "<group>"; };
		E97837BAE2FEFE28A049A07B /* InsightEngine.swift */ = {isa = PBXFileReference; lastKnownFileType = sourcecode.swift; path = InsightEngine.swift; sourceTree = "<group>"; };
		F77E049B81C19DA4F1FE959B /* MacSessionHistoryView.swift */ = {isa = PBXFileReference; lastKnownFileType = sourcecode.swift; path = MacSessionHistoryView.swift; sourceTree = "<group>"; };
/* End PBXFileReference section */

/* Begin PBXFrameworksBuildPhase section */
		D3E93CC86E40BF2A933AA148 /* Frameworks */ = {
			isa = PBXFrameworksBuildPhase;
			buildActionMask = 2147483647;
			files = (
				163C7267711F5AF9BCA8EC21 /* Supabase in Frameworks */,
			);
			runOnlyForDeploymentPostprocessing = 0;
		};
/* End PBXFrameworksBuildPhase section */

/* Begin PBXGroup section */
		031BD11A632B49ACA362D456 /* ios */ = {
			isa = PBXGroup;
			children = (
				15D372531B26CB8A81EFB52E /* Assets.xcassets */,
			);
			name = ios;
			path = ../ios;
			sourceTree = "<group>";
		};
		73CF88F78792B10637183F1A /* Data */ = {
			isa = PBXGroup;
			children = (
				D2AE1515600BD8158EC3AD89 /* SubstanceDatabase.swift */,
			);
			name = Data;
			path = ../ios/Data;
			sourceTree = "<group>";
		};
		7F859B2A8FF47F8DF97F371E /* Models */ = {
			isa = PBXGroup;
			children = (
				45D13B2BCE112D6A18E7751B /* BiometricEntry.swift */,
				C0AABC641F1865863B3FDBF9 /* DoseEntry.swift */,
				233AB9925563AD60206E2E90 /* HealthEntry.swift */,
				92562854A3DE6250B1AE6C8C /* LabResult.swift */,
				A47F51C766D75EFC37CDB9AC /* MyMedication.swift */,
				2C780039566502D611CDB696 /* Substance.swift */,
			);
			name = Models;
			path = ../ios/Models;
			sourceTree = "<group>";
		};
		849F728B73ECD33EB822D405 /* Services */ = {
			isa = PBXGroup;
			children = (
				C3B462277BFFEFFC04DDAAD2 /* AuthService.swift */,
				8D6AFDD3692AEE45F5B5E2E3 /* DataStore.swift */,
				E97837BAE2FEFE28A049A07B /* InsightEngine.swift */,
			);
			name = Services;
			path = ../ios/Services;
			sourceTree = "<group>";
		};
		9FE32462372C14E1214D0D35 /* Products */ = {
			isa = PBXGroup;
			children = (
				3F5F39D7F3A6909F3A9C7B2D /* Healstack.app */,
			);
			name = Products;
			sourceTree = "<group>";
		};
		A6FEBCC0326A229912D41F56 /* macos */ = {
			isa = PBXGroup;
			children = (
				3F6B3794F32F35EBBFDA89AE /* ExportOptions.plist */,
				7839514FF89F16800F36C523 /* HealstackApp.swift */,
				DB6678281207B0831D1BB89F /* HealstackMac.entitlements */,
				48A15FAEF19FD6CF5A6549A1 /* Info.plist */,
				DDF660EC3833FA9119E054FD /* Models */,
				D3FA9DD9D4CC4CB1E262B4AB /* Views */,
			);
			name = macos;
			path = .;
			sourceTree = "<group>";
		};
		D3FA9DD9D4CC4CB1E262B4AB /* Views */ = {
			isa = PBXGroup;
			children = (
				5913A272221D6000446F4512 /* AuthView.swift */,
				86C45C3FD56F2975F384C1E3 /* BodyMapView.swift */,
				D72535493F0D0662D755B5AC /* MacAbdomenView.swift */,
				2B8F17D45D138F3B85ADB441 /* MacDashboardView.swift */,
				B81BD4C6B9C5439DADA2528D /* MacFacemaxxingView.swift */,
				B3BFAC39E481BB7B6D3E7249 /* MacLabResultsView.swift */,
				E670EC99285A09DF100E7DC9 /* MacMeridianListView.swift */,
				12664FDBF1B0B853948B55D7 /* MacReflexologyView.swift */,
				F77E049B81C19DA4F1FE959B /* MacSessionHistoryView.swift */,
				36FBB04EAB0A907552454090 /* MacSettingsView.swift */,
				14F5C511275324C6A1D22C87 /* MacSymptomFinderView.swift */,
				658332455BF4468793E8E638 /* SidebarView.swift */,
				2560A79ADE4FA5FA4E09B4B7 /* ZoneDetailView.swift */,
			);
			path = Views;
			sourceTree = "<group>";
		};
		DDF660EC3833FA9119E054FD /* Models */ = {
			isa = PBXGroup;
			children = (
				325F038875E9F50100570F10 /* AbdomenData.swift */,
				529D4EBDA9DB5D0CFE8E3620 /* AcupunctureData.swift */,
				8339AA4634B1EE775A24B13B /* BodyworkSessionStore.swift */,
				9A726D1CEE1BF121384FF782 /* FacemaxxingData.swift */,
				A9EA544E564F9BC9C78A43BC /* ReflexologyData.swift */,
				AEED70A58D3463009B435631 /* SymptomData.swift */,
			);
			path = Models;
			sourceTree = "<group>";
		};
		F5C0E07678C19212842C5E07 = {
			isa = PBXGroup;
			children = (
				73CF88F78792B10637183F1A /* Data */,
				031BD11A632B49ACA362D456 /* ios */,
				A6FEBCC0326A229912D41F56 /* macos */,
				DDF660EC3833FA9119E054FD /* Models */,
				7F859B2A8FF47F8DF97F371E /* Models */,
				849F728B73ECD33EB822D405 /* Services */,
				D3FA9DD9D4CC4CB1E262B4AB /* Views */,
				9FE32462372C14E1214D0D35 /* Products */,
			);
			sourceTree = "<group>";
		};
/* End PBXGroup section */

/* Begin PBXNativeTarget section */
		7047AE215D903B55B8E7BC26 /* Healstack */ = {
			isa = PBXNativeTarget;
			buildConfigurationList = DC56C597963B5919AB946C68 /* Build configuration list for PBXNativeTarget "Healstack" */;
			buildPhases = (
				F1A8FE3CD57DD5363817A496 /* Sources */,
				91D3232DC91C201325347421 /* Resources */,
				D3E93CC86E40BF2A933AA148 /* Frameworks */,
			);
			buildRules = (
			);
			dependencies = (
			);
			name = Healstack;
			packageProductDependencies = (
				65F69D6D5A5D766469BBE46E /* Supabase */,
			);
			productName = Healstack;
			productReference = 3F5F39D7F3A6909F3A9C7B2D /* Healstack.app */;
			productType = "com.apple.product-type.application";
		};
/* End PBXNativeTarget section */

/* Begin PBXProject section */
		796FC5278B55401801225A02 /* Project object */ = {
			isa = PBXProject;
			attributes = {
				BuildIndependentTargetsInParallel = YES;
				LastUpgradeCheck = 1430;
				TargetAttributes = {
					7047AE215D903B55B8E7BC26 = {
						DevelopmentTeam = QMM486NPYC;
						ProvisioningStyle = Automatic;
					};
				};
			};
			buildConfigurationList = 9BAFB1A1FBED7488F085CB22 /* Build configuration list for PBXProject "HealstackMac" */;
			developmentRegion = en;
			hasScannedForEncodings = 0;
			knownRegions = (
				Base,
				en,
			);
			mainGroup = F5C0E07678C19212842C5E07;
			minimizedProjectReferenceProxies = 1;
			packageReferences = (
				17ABE9E9B7F10A206CF920EC /* XCRemoteSwiftPackageReference "supabase-swift" */,
			);
			preferredProjectObjectVersion = 77;
			productRefGroup = 9FE32462372C14E1214D0D35 /* Products */;
			projectDirPath = "";
			projectRoot = "";
			targets = (
				7047AE215D903B55B8E7BC26 /* Healstack */,
			);
		};
/* End PBXProject section */

/* Begin PBXResourcesBuildPhase section */
		91D3232DC91C201325347421 /* Resources */ = {
			isa = PBXResourcesBuildPhase;
			buildActionMask = 2147483647;
			files = (
				C0189725A9FD55EFADDF6EDB /* Assets.xcassets in Resources */,
				47D337721CB789933A009D81 /* ExportOptions.plist in Resources */,
			);
			runOnlyForDeploymentPostprocessing = 0;
		};
/* End PBXResourcesBuildPhase section */

/* Begin PBXSourcesBuildPhase section */
		F1A8FE3CD57DD5363817A496 /* Sources */ = {
			isa = PBXSourcesBuildPhase;
			buildActionMask = 2147483647;
			files = (
				72A8FD40CAE4518907343CA0 /* AbdomenData.swift in Sources */,
				C5C6416F36C7951A6124B889 /* AcupunctureData.swift in Sources */,
				390847C68B303264D3EBB3D7 /* AuthService.swift in Sources */,
				E04AA14A1D5374225ADFE190 /* AuthView.swift in Sources */,
				EAC1E43622954CC56A1329D2 /* BiometricEntry.swift in Sources */,
				8AD76ADBC95EAA4700B29251 /* BodyMapView.swift in Sources */,
				9163F6E9760E5C19B97434B5 /* BodyworkSessionStore.swift in Sources */,
				C09B1C31CE00C2CFFD096A39 /* DataStore.swift in Sources */,
				E5E0B5CAC8E1E33400B2684C /* DoseEntry.swift in Sources */,
				2E159960DC1BDEB7280CC5EA /* FacemaxxingData.swift in Sources */,
				EC4E9810B307F61768E1A472 /* HealstackApp.swift in Sources */,
				E9F62411D0D3217F7C759DD7 /* HealthEntry.swift in Sources */,
				E934C03E901C4387482CC55A /* InsightEngine.swift in Sources */,
				BCC97ED649613823AFE55AB8 /* LabResult.swift in Sources */,
				7C24B382B2E79524EB01E213 /* MacAbdomenView.swift in Sources */,
				B6A2F8EAC44D13A95ED8A4A0 /* MacDashboardView.swift in Sources */,
				F98ADD0175CC173F2B549781 /* MacFacemaxxingView.swift in Sources */,
				689266BE2650EDAA93348D3E /* MacLabResultsView.swift in Sources */,
				767425A5F351576DB418D116 /* MacMeridianListView.swift in Sources */,
				5BDB2037B67005A7F9642B23 /* MacReflexologyView.swift in Sources */,
				2A8A8036E49BAB222F7CB449 /* MacSessionHistoryView.swift in Sources */,
				AB6A5928CAC074ADA8A51A22 /* MacSettingsView.swift in Sources */,
				2CF5BD1155808ABB31356D8D /* MacSymptomFinderView.swift in Sources */,
				E49853A24ADD6A8F2E553228 /* MyMedication.swift in Sources */,
				1D6E445A3EC0E25BDAE0B03B /* ReflexologyData.swift in Sources */,
				4F48385CC41626B62530D330 /* SidebarView.swift in Sources */,
				EBCF2C4B8AF3A6546064DA4D /* Substance.swift in Sources */,
				86B0A360292A2B1F01CE83CF /* SubstanceDatabase.swift in Sources */,
				B4CC8FD7B4475496063ACE00 /* SymptomData.swift in Sources */,
				312D88DBB0BA6753C1F974EC /* ZoneDetailView.swift in Sources */,
			);
			runOnlyForDeploymentPostprocessing = 0;
		};
/* End PBXSourcesBuildPhase section */

/* Begin XCBuildConfiguration section */
		33BE79CD93C774B11E698608 /* Release */ = {
			isa = XCBuildConfiguration;
			buildSettings = {
				ALWAYS_SEARCH_USER_PATHS = NO;
				CLANG_ANALYZER_NONNULL = YES;
				CLANG_ANALYZER_NUMBER_OBJECT_CONVERSION = YES_AGGRESSIVE;
				CLANG_CXX_LANGUAGE_STANDARD = "gnu++14";
				CLANG_CXX_LIBRARY = "libc++";
				CLANG_ENABLE_MODULES = YES;
				CLANG_ENABLE_OBJC_ARC = YES;
				CLANG_ENABLE_OBJC_WEAK = YES;
				CLANG_WARN_BLOCK_CAPTURE_AUTORELEASING = YES;
				CLANG_WARN_BOOL_CONVERSION = YES;
				CLANG_WARN_COMMA = YES;
				CLANG_WARN_CONSTANT_CONVERSION = YES;
				CLANG_WARN_DEPRECATED_OBJC_IMPLEMENTATIONS = YES;
				CLANG_WARN_DIRECT_OBJC_ISA_USAGE = YES_ERROR;
				CLANG_WARN_DOCUMENTATION_COMMENTS = YES;
				CLANG_WARN_EMPTY_BODY = YES;
				CLANG_WARN_ENUM_CONVERSION = YES;
				CLANG_WARN_INFINITE_RECURSION = YES;
				CLANG_WARN_INT_CONVERSION = YES;
				CLANG_WARN_NON_LITERAL_NULL_CONVERSION = YES;
				CLANG_WARN_OBJC_IMPLICIT_RETAIN_SELF = YES;
				CLANG_WARN_OBJC_LITERAL_CONVERSION = YES;
				CLANG_WARN_OBJC_ROOT_CLASS = YES_ERROR;
				CLANG_WARN_QUOTED_INCLUDE_IN_FRAMEWORK_HEADER = YES;
				CLANG_WARN_RANGE_LOOP_ANALYSIS = YES;
				CLANG_WARN_STRICT_PROTOTYPES = YES;
				CLANG_WARN_SUSPICIOUS_MOVE = YES;
				CLANG_WARN_UNGUARDED_AVAILABILITY = YES_AGGRESSIVE;
				CLANG_WARN_UNREACHABLE_CODE = YES;
				CLANG_WARN__DUPLICATE_METHOD_MATCH = YES;
				CODE_SIGN_STYLE = Automatic;
				COPY_PHASE_STRIP = NO;
				CURRENT_PROJECT_VERSION = 1;
				DEBUG_INFORMATION_FORMAT = "dwarf-with-dsym";
				DEVELOPMENT_TEAM = QMM486NPYC;
				ENABLE_NS_ASSERTIONS = NO;
				ENABLE_STRICT_OBJC_MSGSEND = YES;
				GCC_C_LANGUAGE_STANDARD = gnu11;
				GCC_NO_COMMON_BLOCKS = YES;
				GCC_WARN_64_TO_32_BIT_CONVERSION = YES;
				GCC_WARN_ABOUT_RETURN_TYPE = YES_ERROR;
				GCC_WARN_UNDECLARED_SELECTOR = YES;
				GCC_WARN_UNINITIALIZED_AUTOS = YES_AGGRESSIVE;
				GCC_WARN_UNUSED_FUNCTION = YES;
				GCC_WARN_UNUSED_VARIABLE = YES;
				MACOSX_DEPLOYMENT_TARGET = 14.0;
				MARKETING_VERSION = 2.0.0;
				MTL_ENABLE_DEBUG_INFO = NO;
				MTL_FAST_MATH = YES;
				PRODUCT_NAME = "$(TARGET_NAME)";
				SDKROOT = macosx;
				SWIFT_COMPILATION_MODE = wholemodule;
				SWIFT_OPTIMIZATION_LEVEL = "-O";
				SWIFT_VERSION = 6.0;
			};
			name = Release;
		};
		47A3C60DE3E9AFEF68211413 /* Release */ = {
			isa = XCBuildConfiguration;
			buildSettings = {
				ASSETCATALOG_COMPILER_APPICON_NAME = AppIcon;
				CODE_SIGN_ENTITLEMENTS = HealstackMac.entitlements;
				COMBINE_HIDPI_IMAGES = YES;
				INFOPLIST_FILE = Info.plist;
				LD_RUNPATH_SEARCH_PATHS = (
					"$(inherited)",
					"@executable_path/../Frameworks",
				);
				PRODUCT_BUNDLE_IDENTIFIER = com.heyitsmejosh.dose;
				PRODUCT_NAME = Healstack;
				SDKROOT = macosx;
				SUPABASE_ANON_KEY = eyJhbGciOiJIUzI1NiIsInR5cCI6IkpXVCJ9.eyJpc3MiOiJzdXBhYmFzZSIsInJlZiI6InRqc3hzcWx4am1hbnd2bXl3d3Z3Iiwicm9sZSI6ImFub24iLCJpYXQiOjE3NzA0OTc0MDEsImV4cCI6MjA4NjA3MzQwMX0.LphLfho3wdQC20MhtcnBpzQUNuBoTOobrugQbNGxc68;
				SUPABASE_URL = "https://tjsxsqlxjmanwvmywwvw.supabase.co";
			};
			name = Release;
		};
		BD227B871C7C8B0326AF89AA /* Debug */ = {
			isa = XCBuildConfiguration;
			buildSettings = {
				ASSETCATALOG_COMPILER_APPICON_NAME = AppIcon;
				CODE_SIGN_ENTITLEMENTS = HealstackMac.entitlements;
				COMBINE_HIDPI_IMAGES = YES;
				INFOPLIST_FILE = Info.plist;
				LD_RUNPATH_SEARCH_PATHS = (
					"$(inherited)",
					"@executable_path/../Frameworks",
				);
				PRODUCT_BUNDLE_IDENTIFIER = com.heyitsmejosh.dose;
				PRODUCT_NAME = Healstack;
				SDKROOT = macosx;
				SUPABASE_ANON_KEY = eyJhbGciOiJIUzI1NiIsInR5cCI6IkpXVCJ9.eyJpc3MiOiJzdXBhYmFzZSIsInJlZiI6InRqc3hzcWx4am1hbnd2bXl3d3Z3Iiwicm9sZSI6ImFub24iLCJpYXQiOjE3NzA0OTc0MDEsImV4cCI6MjA4NjA3MzQwMX0.LphLfho3wdQC20MhtcnBpzQUNuBoTOobrugQbNGxc68;
				SUPABASE_URL = "https://tjsxsqlxjmanwvmywwvw.supabase.co";
			};
			name = Debug;
		};
		E471F7B6E88EF1D4A46CCD9A /* Debug */ = {
			isa = XCBuildConfiguration;
			buildSettings = {
				ALWAYS_SEARCH_USER_PATHS = NO;
				CLANG_ANALYZER_NONNULL = YES;
				CLANG_ANALYZER_NUMBER_OBJECT_CONVERSION = YES_AGGRESSIVE;
				CLANG_CXX_LANGUAGE_STANDARD = "gnu++14";
				CLANG_CXX_LIBRARY = "libc++";
				CLANG_ENABLE_MODULES = YES;
				CLANG_ENABLE_OBJC_ARC = YES;
				CLANG_ENABLE_OBJC_WEAK = YES;
				CLANG_WARN_BLOCK_CAPTURE_AUTORELEASING = YES;
				CLANG_WARN_BOOL_CONVERSION = YES;
				CLANG_WARN_COMMA = YES;
				CLANG_WARN_CONSTANT_CONVERSION = YES;
				CLANG_WARN_DEPRECATED_OBJC_IMPLEMENTATIONS = YES;
				CLANG_WARN_DIRECT_OBJC_ISA_USAGE = YES_ERROR;
				CLANG_WARN_DOCUMENTATION_COMMENTS = YES;
				CLANG_WARN_EMPTY_BODY = YES;
				CLANG_WARN_ENUM_CONVERSION = YES;
				CLANG_WARN_INFINITE_RECURSION = YES;
				CLANG_WARN_INT_CONVERSION = YES;
				CLANG_WARN_NON_LITERAL_NULL_CONVERSION = YES;
				CLANG_WARN_OBJC_IMPLICIT_RETAIN_SELF = YES;
				CLANG_WARN_OBJC_LITERAL_CONVERSION = YES;
				CLANG_WARN_OBJC_ROOT_CLASS = YES_ERROR;
				CLANG_WARN_QUOTED_INCLUDE_IN_FRAMEWORK_HEADER = YES;
				CLANG_WARN_RANGE_LOOP_ANALYSIS = YES;
				CLANG_WARN_STRICT_PROTOTYPES = YES;
				CLANG_WARN_SUSPICIOUS_MOVE = YES;
				CLANG_WARN_UNGUARDED_AVAILABILITY = YES_AGGRESSIVE;
				CLANG_WARN_UNREACHABLE_CODE = YES;
				CLANG_WARN__DUPLICATE_METHOD_MATCH = YES;
				CODE_SIGN_STYLE = Automatic;
				COPY_PHASE_STRIP = NO;
				CURRENT_PROJECT_VERSION = 1;
				DEBUG_INFORMATION_FORMAT = dwarf;
				DEVELOPMENT_TEAM = QMM486NPYC;
				ENABLE_STRICT_OBJC_MSGSEND = YES;
				ENABLE_TESTABILITY = YES;
				GCC_C_LANGUAGE_STANDARD = gnu11;
				GCC_DYNAMIC_NO_PIC = NO;
				GCC_NO_COMMON_BLOCKS = YES;
				GCC_OPTIMIZATION_LEVEL = 0;
				GCC_PREPROCESSOR_DEFINITIONS = (
					"$(inherited)",
					"DEBUG=1",
				);
				GCC_WARN_64_TO_32_BIT_CONVERSION = YES;
				GCC_WARN_ABOUT_RETURN_TYPE = YES_ERROR;
				GCC_WARN_UNDECLARED_SELECTOR = YES;
				GCC_WARN_UNINITIALIZED_AUTOS = YES_AGGRESSIVE;
				GCC_WARN_UNUSED_FUNCTION = YES;
				GCC_WARN_UNUSED_VARIABLE = YES;
				MACOSX_DEPLOYMENT_TARGET = 14.0;
				MARKETING_VERSION = 2.0.0;
				MTL_ENABLE_DEBUG_INFO = INCLUDE_SOURCE;
				MTL_FAST_MATH = YES;
				ONLY_ACTIVE_ARCH = YES;
				PRODUCT_NAME = "$(TARGET_NAME)";
				SDKROOT = macosx;
				SWIFT_ACTIVE_COMPILATION_CONDITIONS = DEBUG;
				SWIFT_OPTIMIZATION_LEVEL = "-Onone";
				SWIFT_VERSION = 6.0;
			};
			name = Debug;
		};
/* End XCBuildConfiguration section */

/* Begin XCConfigurationList section */
		9BAFB1A1FBED7488F085CB22 /* Build configuration list for PBXProject "HealstackMac" */ = {
			isa = XCConfigurationList;
			buildConfigurations = (
				E471F7B6E88EF1D4A46CCD9A /* Debug */,
				33BE79CD93C774B11E698608 /* Release */,
			);
			defaultConfigurationIsVisible = 0;
			defaultConfigurationName = Debug;
		};
		DC56C597963B5919AB946C68 /* Build configuration list for PBXNativeTarget "Healstack" */ = {
			isa = XCConfigurationList;
			buildConfigurations = (
				BD227B871C7C8B0326AF89AA /* Debug */,
				47A3C60DE3E9AFEF68211413 /* Release */,
			);
			defaultConfigurationIsVisible = 0;
			defaultConfigurationName = Debug;
		};
/* End XCConfigurationList section */

/* Begin XCRemoteSwiftPackageReference section */
		17ABE9E9B7F10A206CF920EC /* XCRemoteSwiftPackageReference "supabase-swift" */ = {
			isa = XCRemoteSwiftPackageReference;
			repositoryURL = "https://github.com/supabase/supabase-swift.git";
			requirement = {
				kind = upToNextMajorVersion;
				minimumVersion = 2.5.1;
			};
		};
/* End XCRemoteSwiftPackageReference section */

/* Begin XCSwiftPackageProductDependency section */
		65F69D6D5A5D766469BBE46E /* Supabase */ = {
			isa = XCSwiftPackageProductDependency;
			package = 17ABE9E9B7F10A206CF920EC /* XCRemoteSwiftPackageReference "supabase-swift" */;
			productName = Supabase;
		};
/* End XCSwiftPackageProductDependency section */
	};
	rootObject = 796FC5278B55401801225A02 /* Project object */;
}
